// !$*UTF8*$!
{
	archiveVersion = 1;
	classes = {
	};
	objectVersion = 56;
	objects = {

/* Begin PBXBuildFile section */
		1B020AE22A57CE02008811D9 /* JeweleryUpdateModel.swift in Sources */ = {isa = PBXBuildFile; fileRef = 1B020AE12A57CE02008811D9 /* JeweleryUpdateModel.swift */; };
		1B0663C82A1491070091A456 /* FirstDemoViewController.swift in Sources */ = {isa = PBXBuildFile; fileRef = 1B0663C72A1491070091A456 /* FirstDemoViewController.swift */; };
		1B0663CE2A1499C60091A456 /* NavigationSViewController.swift in Sources */ = {isa = PBXBuildFile; fileRef = 1B0663CD2A1499C60091A456 /* NavigationSViewController.swift */; };
		1B07B2C92A545AAA00D2CC33 /* RequestItemsType.swift in Sources */ = {isa = PBXBuildFile; fileRef = 1B07B2C82A545AAA00D2CC33 /* RequestItemsType.swift */; };
		1B21DE8129E01823000730B1 /* NewViewController.swift in Sources */ = {isa = PBXBuildFile; fileRef = 1B21DE8029E01823000730B1 /* NewViewController.swift */; };
		1B3081182A122C7D005F5CED /* LoginViewController.swift in Sources */ = {isa = PBXBuildFile; fileRef = 1B3081172A122C7D005F5CED /* LoginViewController.swift */; };
		1B30811A2A123745005F5CED /* TabBarLoginViewController.swift in Sources */ = {isa = PBXBuildFile; fileRef = 1B3081192A123745005F5CED /* TabBarLoginViewController.swift */; };
		1B30811C2A123D8D005F5CED /* LogoutViewController.swift in Sources */ = {isa = PBXBuildFile; fileRef = 1B30811B2A123D8D005F5CED /* LogoutViewController.swift */; };
		1B30BCA62A5403B100D084F3 /* AlamofireDemo.storyboard in Resources */ = {isa = PBXBuildFile; fileRef = 1B30BCA52A5403B100D084F3 /* AlamofireDemo.storyboard */; };
		1B30BCB82A54177500D084F3 /* UserListViewController.swift in Sources */ = {isa = PBXBuildFile; fileRef = 1B30BCB72A54177500D084F3 /* UserListViewController.swift */; };
		1B30BCBA2A54185500D084F3 /* UsersModel.swift in Sources */ = {isa = PBXBuildFile; fileRef = 1B30BCB92A54185500D084F3 /* UsersModel.swift */; };
		1B30BCC22A541D6000D084F3 /* UsersTableViewCell.swift in Sources */ = {isa = PBXBuildFile; fileRef = 1B30BCC12A541D6000D084F3 /* UsersTableViewCell.swift */; };
		1B30BCC42A5420BD00D084F3 /* SignUpRequest.swift in Sources */ = {isa = PBXBuildFile; fileRef = 1B30BCC32A5420BD00D084F3 /* SignUpRequest.swift */; };
		1B30BCC62A54212200D084F3 /* UpdateUserViewController.swift in Sources */ = {isa = PBXBuildFile; fileRef = 1B30BCC52A54212200D084F3 /* UpdateUserViewController.swift */; };
		1B30BCC82A54335E00D084F3 /* RegisterUserViewController.swift in Sources */ = {isa = PBXBuildFile; fileRef = 1B30BCC72A54335E00D084F3 /* RegisterUserViewController.swift */; };
		1B30BCD42A5455F700D084F3 /* RegisterViewModel.swift in Sources */ = {isa = PBXBuildFile; fileRef = 1B30BCD32A5455F700D084F3 /* RegisterViewModel.swift */; };
		1B30BCD72A54567F00D084F3 /* Dynamic.swift in Sources */ = {isa = PBXBuildFile; fileRef = 1B30BCD62A54567F00D084F3 /* Dynamic.swift */; };
		1B30BCD92A54574900D084F3 /* APIManagerDemo.swift in Sources */ = {isa = PBXBuildFile; fileRef = 1B30BCD82A54574900D084F3 /* APIManagerDemo.swift */; };
		1B30BCDB2A54579300D084F3 /* CustomError.swift in Sources */ = {isa = PBXBuildFile; fileRef = 1B30BCDA2A54579300D084F3 /* CustomError.swift */; };
		1B34E2D52A52A1590029353F /* UserModel.swift in Sources */ = {isa = PBXBuildFile; fileRef = 1B34E2D42A52A1590029353F /* UserModel.swift */; };
		1B34E2D92A52A3BA0029353F /* LoginUserViewController.swift in Sources */ = {isa = PBXBuildFile; fileRef = 1B34E2D82A52A3BA0029353F /* LoginUserViewController.swift */; };
		1B34E2DD2A52A92D0029353F /* ImageUploader.swift in Sources */ = {isa = PBXBuildFile; fileRef = 1B34E2DC2A52A92D0029353F /* ImageUploader.swift */; };
		1B37605629F0FD5D000D4107 /* UIComponents2.storyboard in Resources */ = {isa = PBXBuildFile; fileRef = 1B37605529F0FD5D000D4107 /* UIComponents2.storyboard */; };
		1B37605929F109F0000D4107 /* TabBarDemoViewController.swift in Sources */ = {isa = PBXBuildFile; fileRef = 1B37605829F109F0000D4107 /* TabBarDemoViewController.swift */; };
		1B37605D29F1102C000D4107 /* ContactsViewController.swift in Sources */ = {isa = PBXBuildFile; fileRef = 1B37605C29F1102C000D4107 /* ContactsViewController.swift */; };
		1B37605F29F11050000D4107 /* MoreViewController.swift in Sources */ = {isa = PBXBuildFile; fileRef = 1B37605E29F11050000D4107 /* MoreViewController.swift */; };
		1B37606129F1191C000D4107 /* StackViewDemoViewController.swift in Sources */ = {isa = PBXBuildFile; fileRef = 1B37606029F1191C000D4107 /* StackViewDemoViewController.swift */; };
		1B37825329F293CB00E01236 /* DatePickerDemoViewController.swift in Sources */ = {isa = PBXBuildFile; fileRef = 1B37825229F293CB00E01236 /* DatePickerDemoViewController.swift */; };
		1B3EAC302A0BAAFA003E6E72 /* PFirstViewController.swift in Sources */ = {isa = PBXBuildFile; fileRef = 1B3EAC2F2A0BAAF9003E6E72 /* PFirstViewController.swift */; };
		1B3EAC322A0BAC08003E6E72 /* PSecondViewController.swift in Sources */ = {isa = PBXBuildFile; fileRef = 1B3EAC312A0BAC08003E6E72 /* PSecondViewController.swift */; };
		1B48D47329E43D7B00E90B02 /* UIComponents.storyboard in Resources */ = {isa = PBXBuildFile; fileRef = 1B48D47229E43D7B00E90B02 /* UIComponents.storyboard */; };
		1B4B6E7529E7D59200CCD5FF /* StateData.swift in Sources */ = {isa = PBXBuildFile; fileRef = 1B4B6E7429E7D59200CCD5FF /* StateData.swift */; };
		1B4B6E7929E8018C00CCD5FF /* DemoTableViewController.swift in Sources */ = {isa = PBXBuildFile; fileRef = 1B4B6E7829E8018C00CCD5FF /* DemoTableViewController.swift */; };
		1B4B6E7F29E8094000CCD5FF /* DemoTableViewCell.swift in Sources */ = {isa = PBXBuildFile; fileRef = 1B4B6E7E29E8094000CCD5FF /* DemoTableViewCell.swift */; };
		1B4B6E8129E8159700CCD5FF /* ColorTableViewCell.swift in Sources */ = {isa = PBXBuildFile; fileRef = 1B4B6E8029E8159700CCD5FF /* ColorTableViewCell.swift */; };
		1B4E45F929E90DD30043A415 /* CollectionViewController.swift in Sources */ = {isa = PBXBuildFile; fileRef = 1B4E45F829E90DD30043A415 /* CollectionViewController.swift */; };
		1B4E45FC29E90EF90043A415 /* DemoCollectionViewCell.swift in Sources */ = {isa = PBXBuildFile; fileRef = 1B4E45FB29E90EF90043A415 /* DemoCollectionViewCell.swift */; };
		1B53048B2A554B16008DD99D /* JobRequestModel.swift in Sources */ = {isa = PBXBuildFile; fileRef = 1B53048A2A554B16008DD99D /* JobRequestModel.swift */; };
		1B5944F42A552750002D5EAE /* UpdateUserViewModel.swift in Sources */ = {isa = PBXBuildFile; fileRef = 1B5944F32A552750002D5EAE /* UpdateUserViewModel.swift */; };
		1B65E52829E3EAED0090E749 /* LabelViewController.swift in Sources */ = {isa = PBXBuildFile; fileRef = 1B65E52729E3EAED0090E749 /* LabelViewController.swift */; };
		1B65E52A29E3EB9A0090E749 /* ButtonViewController.swift in Sources */ = {isa = PBXBuildFile; fileRef = 1B65E52929E3EB9A0090E749 /* ButtonViewController.swift */; };
		1B65E53629E40DB30090E749 /* CustomTextField.swift in Sources */ = {isa = PBXBuildFile; fileRef = 1B65E53529E40DB30090E749 /* CustomTextField.swift */; };
		1B65E53829E410DE0090E749 /* TextFieldViewController.swift in Sources */ = {isa = PBXBuildFile; fileRef = 1B65E53729E410DE0090E749 /* TextFieldViewController.swift */; };
		1B65E53A29E4165A0090E749 /* TextViewController.swift in Sources */ = {isa = PBXBuildFile; fileRef = 1B65E53929E4165A0090E749 /* TextViewController.swift */; };
		1B65E53C29E41CFF0090E749 /* CustomTextView.swift in Sources */ = {isa = PBXBuildFile; fileRef = 1B65E53B29E41CFF0090E749 /* CustomTextView.swift */; };
		1B65E53E29E420B30090E749 /* SwitchViewController.swift in Sources */ = {isa = PBXBuildFile; fileRef = 1B65E53D29E420B30090E749 /* SwitchViewController.swift */; };
		1B66D7062A4FFE5700E14EA0 /* APIManager.swift in Sources */ = {isa = PBXBuildFile; fileRef = 1B66D7052A4FFE5700E14EA0 /* APIManager.swift */; };
		1B66D70B2A50038A00E14EA0 /* ImageUploadResponse.swift in Sources */ = {isa = PBXBuildFile; fileRef = 1B66D70A2A50038A00E14EA0 /* ImageUploadResponse.swift */; };
		1B66D70D2A50082000E14EA0 /* ImageUploadingViewController.swift in Sources */ = {isa = PBXBuildFile; fileRef = 1B66D70C2A50082000E14EA0 /* ImageUploadingViewController.swift */; };
		1B66D7132A50381000E14EA0 /* AddUserViewController.swift in Sources */ = {isa = PBXBuildFile; fileRef = 1B66D7122A50381000E14EA0 /* AddUserViewController.swift */; };
		1B66D7172A503A7900E14EA0 /* UserRegister.swift in Sources */ = {isa = PBXBuildFile; fileRef = 1B66D7162A503A7900E14EA0 /* UserRegister.swift */; };
		1B790B0429F15A3F00E9A247 /* ToolBarDemoViewController.swift in Sources */ = {isa = PBXBuildFile; fileRef = 1B790B0329F15A3F00E9A247 /* ToolBarDemoViewController.swift */; };
		1B7E0F6D2A56CA9C00ABAC3F /* JeweleryUpdateViewController.swift in Sources */ = {isa = PBXBuildFile; fileRef = 1B7E0F6C2A56CA9C00ABAC3F /* JeweleryUpdateViewController.swift */; };
		1B80FA292A0E5C7D00B64701 /* PatientViewController.swift in Sources */ = {isa = PBXBuildFile; fileRef = 1B80FA282A0E5C7D00B64701 /* PatientViewController.swift */; };
		1B80FA2C2A0E605A00B64701 /* PatientTableViewCell.swift in Sources */ = {isa = PBXBuildFile; fileRef = 1B80FA2B2A0E605A00B64701 /* PatientTableViewCell.swift */; };
		1B8E43F629E949FD00622504 /* LabelExpandTableViewCell.swift in Sources */ = {isa = PBXBuildFile; fileRef = 1B8E43F529E949FD00622504 /* LabelExpandTableViewCell.swift */; };
		1B8E43FF29E9815B00622504 /* DemoData.swift in Sources */ = {isa = PBXBuildFile; fileRef = 1B8E43FE29E9815B00622504 /* DemoData.swift */; };
		1B9D6E4F2A4E8FDC0094227A /* WebServices.storyboard in Resources */ = {isa = PBXBuildFile; fileRef = 1B9D6E4E2A4E8FDC0094227A /* WebServices.storyboard */; };
		1B9D6E512A4E93EA0094227A /* UsersViewController.swift in Sources */ = {isa = PBXBuildFile; fileRef = 1B9D6E502A4E93EA0094227A /* UsersViewController.swift */; };
		1B9D6E542A4E9E2C0094227A /* UserTableViewCell.swift in Sources */ = {isa = PBXBuildFile; fileRef = 1B9D6E532A4E9E2C0094227A /* UserTableViewCell.swift */; };
		1B9EC8E329F9245000168A69 /* AlbumDemoCollectionViewCell.swift in Sources */ = {isa = PBXBuildFile; fileRef = 1B9EC8E229F9245000168A69 /* AlbumDemoCollectionViewCell.swift */; };
		1B9EC8E529F92DB300168A69 /* ImageCollectionViewCell.swift in Sources */ = {isa = PBXBuildFile; fileRef = 1B9EC8E429F92DB300168A69 /* ImageCollectionViewCell.swift */; };
		1B9EC8E929F92E1B00168A69 /* ImageCollectionViewController.swift in Sources */ = {isa = PBXBuildFile; fileRef = 1B9EC8E829F92E1B00168A69 /* ImageCollectionViewController.swift */; };
		1B9EC8EB29F92EC900168A69 /* ImagesModel.swift in Sources */ = {isa = PBXBuildFile; fileRef = 1B9EC8EA29F92EC900168A69 /* ImagesModel.swift */; };
		1BAFEFCE29F8D8E900BCEA23 /* ScrollViewController.swift in Sources */ = {isa = PBXBuildFile; fileRef = 1BAFEFCD29F8D8E900BCEA23 /* ScrollViewController.swift */; };
		1BAFEFD029F9199700BCEA23 /* SeriesSearchCollectionViewCell.swift in Sources */ = {isa = PBXBuildFile; fileRef = 1BAFEFCF29F9199700BCEA23 /* SeriesSearchCollectionViewCell.swift */; };
		1BB50E652A0CAD2B00E0F89A /* CustomSegue.swift in Sources */ = {isa = PBXBuildFile; fileRef = 1BB50E642A0CAD2B00E0F89A /* CustomSegue.swift */; };
		1BB50E702A0CC11900E0F89A /* FirstVC.swift in Sources */ = {isa = PBXBuildFile; fileRef = 1BB50E6F2A0CC11900E0F89A /* FirstVC.swift */; };
		1BB50E722A0CC14600E0F89A /* SecondVC.swift in Sources */ = {isa = PBXBuildFile; fileRef = 1BB50E712A0CC14600E0F89A /* SecondVC.swift */; };
		1BB50E742A0CC17100E0F89A /* ThirdVC.swift in Sources */ = {isa = PBXBuildFile; fileRef = 1BB50E732A0CC17100E0F89A /* ThirdVC.swift */; };
		1BB50E7A2A0CD80B00E0F89A /* ForthVC.swift in Sources */ = {isa = PBXBuildFile; fileRef = 1BB50E792A0CD80B00E0F89A /* ForthVC.swift */; };
		1BB50E7C2A0D01D600E0F89A /* FifthVC.swift in Sources */ = {isa = PBXBuildFile; fileRef = 1BB50E7B2A0D01D600E0F89A /* FifthVC.swift */; };
		1BC095BF29F7A6250042ED7A /* SegueFirstViewController.swift in Sources */ = {isa = PBXBuildFile; fileRef = 1BC095BE29F7A6250042ED7A /* SegueFirstViewController.swift */; };
		1BC095C129F7A7EB0042ED7A /* SegueSecondViewController.swift in Sources */ = {isa = PBXBuildFile; fileRef = 1BC095C029F7A7EB0042ED7A /* SegueSecondViewController.swift */; };
		1BC095C329F7C8F40042ED7A /* ButtonPropertiesViewController.swift in Sources */ = {isa = PBXBuildFile; fileRef = 1BC095C229F7C8F40042ED7A /* ButtonPropertiesViewController.swift */; };
		1BC0FF4C2A55671A00083F1F /* ProductRequestModel.swift in Sources */ = {isa = PBXBuildFile; fileRef = 1BC0FF4B2A55671A00083F1F /* ProductRequestModel.swift */; };
		1BC217DD2A6509D500990299 /* CustomControls.storyboard in Resources */ = {isa = PBXBuildFile; fileRef = 1BC217DC2A6509D500990299 /* CustomControls.storyboard */; };
		1BC217E02A650C6200990299 /* CustomRangeSlider.swift in Sources */ = {isa = PBXBuildFile; fileRef = 1BC217DF2A650C6200990299 /* CustomRangeSlider.swift */; };
		1BC217E22A6511AF00990299 /* CustomControlsViewController.swift in Sources */ = {isa = PBXBuildFile; fileRef = 1BC217E12A6511AF00990299 /* CustomControlsViewController.swift */; };
		1BC217E82A65222000990299 /* CustomTextfield.swift in Sources */ = {isa = PBXBuildFile; fileRef = 1BC217E72A65222000990299 /* CustomTextfield.swift */; };
		1BC217EB2A65431D00990299 /* Extensions.swift in Sources */ = {isa = PBXBuildFile; fileRef = 1BC217EA2A65431D00990299 /* Extensions.swift */; };
		1BC217EF2A654E6800990299 /* CustomButton.swift in Sources */ = {isa = PBXBuildFile; fileRef = 1BC217EE2A654E6800990299 /* CustomButton.swift */; };
		1BC51A1A29E52B4600AC4827 /* SliderViewController.swift in Sources */ = {isa = PBXBuildFile; fileRef = 1BC51A1929E52B4600AC4827 /* SliderViewController.swift */; };
		1BC51A1C29E5441300AC4827 /* ProgressViewController.swift in Sources */ = {isa = PBXBuildFile; fileRef = 1BC51A1B29E5441300AC4827 /* ProgressViewController.swift */; };
		1BC51A1E29E55CD400AC4827 /* PageControlViewController.swift in Sources */ = {isa = PBXBuildFile; fileRef = 1BC51A1D29E55CD400AC4827 /* PageControlViewController.swift */; };
		1BC51A2029E5701400AC4827 /* SegmentedViewController.swift in Sources */ = {isa = PBXBuildFile; fileRef = 1BC51A1F29E5701400AC4827 /* SegmentedViewController.swift */; };
		1BC51A2229E5796B00AC4827 /* StepperViewController.swift in Sources */ = {isa = PBXBuildFile; fileRef = 1BC51A2129E5796B00AC4827 /* StepperViewController.swift */; };
		1BC9E7DA29EFBBD700C8B154 /* SearchBarCollectionViewCell.swift in Sources */ = {isa = PBXBuildFile; fileRef = 1BC9E7D929EFBBD700C8B154 /* SearchBarCollectionViewCell.swift */; };
		1BCD825529EFAF10007D9A4C /* SearchBarDemoViewController.swift in Sources */ = {isa = PBXBuildFile; fileRef = 1BCD825429EFAF10007D9A4C /* SearchBarDemoViewController.swift */; };
		1BD6D781299CB1C0000B1CE4 /* AppDelegate.swift in Sources */ = {isa = PBXBuildFile; fileRef = 1BD6D780299CB1C0000B1CE4 /* AppDelegate.swift */; };
		1BD6D783299CB1C0000B1CE4 /* SceneDelegate.swift in Sources */ = {isa = PBXBuildFile; fileRef = 1BD6D782299CB1C0000B1CE4 /* SceneDelegate.swift */; };
		1BD6D785299CB1C0000B1CE4 /* ViewController.swift in Sources */ = {isa = PBXBuildFile; fileRef = 1BD6D784299CB1C0000B1CE4 /* ViewController.swift */; };
		1BD6D788299CB1C0000B1CE4 /* Main.storyboard in Resources */ = {isa = PBXBuildFile; fileRef = 1BD6D786299CB1C0000B1CE4 /* Main.storyboard */; };
		1BD6D78A299CB1C1000B1CE4 /* Assets.xcassets in Resources */ = {isa = PBXBuildFile; fileRef = 1BD6D789299CB1C1000B1CE4 /* Assets.xcassets */; };
		1BD6D78D299CB1C1000B1CE4 /* LaunchScreen.storyboard in Resources */ = {isa = PBXBuildFile; fileRef = 1BD6D78B299CB1C1000B1CE4 /* LaunchScreen.storyboard */; };
		1BDCAE082A0BC5E500E10281 /* PThirdViewController.swift in Sources */ = {isa = PBXBuildFile; fileRef = 1BDCAE072A0BC5E500E10281 /* PThirdViewController.swift */; };
		1BDDA23B29E6618800D06376 /* CustomSegmentControl.swift in Sources */ = {isa = PBXBuildFile; fileRef = 1BDDA23A29E6618800D06376 /* CustomSegmentControl.swift */; };
		1BDDA23D29E68FEC00D06376 /* TableContentViewController.swift in Sources */ = {isa = PBXBuildFile; fileRef = 1BDDA23C29E68FEC00D06376 /* TableContentViewController.swift */; };
		1BDDA24529E6942F00D06376 /* IndexTableViewCell.swift in Sources */ = {isa = PBXBuildFile; fileRef = 1BDDA24329E6942F00D06376 /* IndexTableViewCell.swift */; };
		1BDDA24629E6942F00D06376 /* IndexTableViewCell.xib in Resources */ = {isa = PBXBuildFile; fileRef = 1BDDA24429E6942F00D06376 /* IndexTableViewCell.xib */; };
		1BDDA24929E6AB2600D06376 /* EvenTableViewCell.swift in Sources */ = {isa = PBXBuildFile; fileRef = 1BDDA24729E6AB2600D06376 /* EvenTableViewCell.swift */; };
		1BDDA24A29E6AB2600D06376 /* EvenTableViewCell.xib in Resources */ = {isa = PBXBuildFile; fileRef = 1BDDA24829E6AB2600D06376 /* EvenTableViewCell.xib */; };
		1BDDA25929E6BC8C00D06376 /* FindJobModel.swift in Sources */ = {isa = PBXBuildFile; fileRef = 1BDDA25829E6BC8C00D06376 /* FindJobModel.swift */; };
		1BDDA25C29E6BE4900D06376 /* CompanyTableCellTableViewCell.swift in Sources */ = {isa = PBXBuildFile; fileRef = 1BDDA25A29E6BE4900D06376 /* CompanyTableCellTableViewCell.swift */; };
		1BDDA25D29E6BE4900D06376 /* CompanyTableCellTableViewCell.xib in Resources */ = {isa = PBXBuildFile; fileRef = 1BDDA25B29E6BE4900D06376 /* CompanyTableCellTableViewCell.xib */; };
		1BDDA25F29E6C12400D06376 /* JobViewController.swift in Sources */ = {isa = PBXBuildFile; fileRef = 1BDDA25E29E6C12400D06376 /* JobViewController.swift */; };
		1BDDA26129E6CE4800D06376 /* StateTableViewController.swift in Sources */ = {isa = PBXBuildFile; fileRef = 1BDDA26029E6CE4800D06376 /* StateTableViewController.swift */; };
		1BDDA26429E6D07000D06376 /* StateTableViewCell.swift in Sources */ = {isa = PBXBuildFile; fileRef = 1BDDA26229E6D07000D06376 /* StateTableViewCell.swift */; };
		1BDDA26529E6D07000D06376 /* StateTableViewCell.xib in Resources */ = {isa = PBXBuildFile; fileRef = 1BDDA26329E6D07000D06376 /* StateTableViewCell.xib */; };
		1BDFA23029ED11B900340837 /* DemoCollectionViewController.swift in Sources */ = {isa = PBXBuildFile; fileRef = 1BDFA22F29ED11B900340837 /* DemoCollectionViewController.swift */; };
		1BDFA23229ED12BB00340837 /* ArtistsCollectionViewCell.swift in Sources */ = {isa = PBXBuildFile; fileRef = 1BDFA23129ED12BB00340837 /* ArtistsCollectionViewCell.swift */; };
		1BDFA23429ED1B8F00340837 /* ArtistsModel.swift in Sources */ = {isa = PBXBuildFile; fileRef = 1BDFA23329ED1B8F00340837 /* ArtistsModel.swift */; };
		1BDFA23629ED404B00340837 /* AlbumsCollectionViewCell.swift in Sources */ = {isa = PBXBuildFile; fileRef = 1BDFA23529ED404B00340837 /* AlbumsCollectionViewCell.swift */; };
		1BDFA23A29ED603B00340837 /* ImagePickerViewController.swift in Sources */ = {isa = PBXBuildFile; fileRef = 1BDFA23929ED603B00340837 /* ImagePickerViewController.swift */; };
		1BE0995C2A0B647C00211801 /* FirstViewController.swift in Sources */ = {isa = PBXBuildFile; fileRef = 1BE0995B2A0B647C00211801 /* FirstViewController.swift */; };
		1BE0995E2A0B64AE00211801 /* SecondViewController.swift in Sources */ = {isa = PBXBuildFile; fileRef = 1BE0995D2A0B64AE00211801 /* SecondViewController.swift */; };
		1BE099602A0B694900211801 /* ThirdViewController.swift in Sources */ = {isa = PBXBuildFile; fileRef = 1BE0995F2A0B694700211801 /* ThirdViewController.swift */; };
		1BE172C22A0B4E5300D6EF76 /* NavigationController.storyboard in Resources */ = {isa = PBXBuildFile; fileRef = 1BE172C12A0B4E5300D6EF76 /* NavigationController.storyboard */; };
		1BE2D3672A0E05B500E76B0F /* PForthViewController.swift in Sources */ = {isa = PBXBuildFile; fileRef = 1BE2D3662A0E05B500E76B0F /* PForthViewController.swift */; };
		1BE2D36B2A0E1B4900E76B0F /* FifthViewController.swift in Sources */ = {isa = PBXBuildFile; fileRef = 1BE2D36A2A0E1B4900E76B0F /* FifthViewController.swift */; };
		1BE2D36D2A0E1CE500E76B0F /* CombineScreenViewController.swift in Sources */ = {isa = PBXBuildFile; fileRef = 1BE2D36C2A0E1CE500E76B0F /* CombineScreenViewController.swift */; };
		1BE2D3712A0E1D4B00E76B0F /* ComponentsModel.swift in Sources */ = {isa = PBXBuildFile; fileRef = 1BE2D3702A0E1D4B00E76B0F /* ComponentsModel.swift */; };
		1BE2D3732A0E31EE00E76B0F /* ComponentsTableViewCell.swift in Sources */ = {isa = PBXBuildFile; fileRef = 1BE2D3722A0E31EE00E76B0F /* ComponentsTableViewCell.swift */; };
		1BE4BDEA29F2563F00F946B5 /* ToolBarPropertyDemoViewController.swift in Sources */ = {isa = PBXBuildFile; fileRef = 1BE4BDE929F2563F00F946B5 /* ToolBarPropertyDemoViewController.swift */; };
		1BE4BDEC29F2609000F946B5 /* PickerDemoViewController.swift in Sources */ = {isa = PBXBuildFile; fileRef = 1BE4BDEB29F2609000F946B5 /* PickerDemoViewController.swift */; };
		1BE8C0DF29EE769E00FC3632 /* PHPickerDemoViewController.swift in Sources */ = {isa = PBXBuildFile; fileRef = 1BE8C0DE29EE769E00FC3632 /* PHPickerDemoViewController.swift */; };
		1BE8C0E129EE7A3300FC3632 /* ImagePickerDataCollectionViewCell.swift in Sources */ = {isa = PBXBuildFile; fileRef = 1BE8C0E029EE7A3300FC3632 /* ImagePickerDataCollectionViewCell.swift */; };
		1BE8C0E329EE915300FC3632 /* ActivityIndicatorDemoViewController.swift in Sources */ = {isa = PBXBuildFile; fileRef = 1BE8C0E229EE915300FC3632 /* ActivityIndicatorDemoViewController.swift */; };
		1BE8C0E529EEA05C00FC3632 /* WebDemoViewController.swift in Sources */ = {isa = PBXBuildFile; fileRef = 1BE8C0E429EEA05C00FC3632 /* WebDemoViewController.swift */; };
		1BE8C0EB29EEA8E300FC3632 /* Demo.pdf in Resources */ = {isa = PBXBuildFile; fileRef = 1BE8C0EA29EEA8E300FC3632 /* Demo.pdf */; };
		1BE8CEBA2A13828800649817 /* PatientNavigationViewController.swift in Sources */ = {isa = PBXBuildFile; fileRef = 1BE8CEB92A13828800649817 /* PatientNavigationViewController.swift */; };
		1BE8CEC92A1394BC00649817 /* LoginUpdates.swift in Sources */ = {isa = PBXBuildFile; fileRef = 1BE8CEC82A1394BC00649817 /* LoginUpdates.swift */; };
		1BE95A0C2A559901005C5EA8 /* RegUserViewController.swift in Sources */ = {isa = PBXBuildFile; fileRef = 1BE95A0B2A559901005C5EA8 /* RegUserViewController.swift */; };
		1BE95A0E2A55A916005C5EA8 /* JeweleryViewController.swift in Sources */ = {isa = PBXBuildFile; fileRef = 1BE95A0D2A55A916005C5EA8 /* JeweleryViewController.swift */; };
		1BE95A102A55A995005C5EA8 /* JeweleryViewModel.swift in Sources */ = {isa = PBXBuildFile; fileRef = 1BE95A0F2A55A995005C5EA8 /* JeweleryViewModel.swift */; };
		1BE95A122A55AB87005C5EA8 /* JeweleryTableViewCell.swift in Sources */ = {isa = PBXBuildFile; fileRef = 1BE95A112A55AB87005C5EA8 /* JeweleryTableViewCell.swift */; };
		1BEC062B2A00C9F6009F69EE /* DemoScreenViewController.swift in Sources */ = {isa = PBXBuildFile; fileRef = 1BEC062A2A00C9F6009F69EE /* DemoScreenViewController.swift */; };
		1BEC8E5A2A13B79700EF9BB3 /* ThirdDemoViewController.swift in Sources */ = {isa = PBXBuildFile; fileRef = 1BEC8E592A13B79700EF9BB3 /* ThirdDemoViewController.swift */; };
		1BF4D7B229F63BB500770E98 /* MapViewController.swift in Sources */ = {isa = PBXBuildFile; fileRef = 1BF4D7B129F63BB500770E98 /* MapViewController.swift */; };
		1BF950072A02385900593C54 /* HomeCollectionViewCell.swift in Sources */ = {isa = PBXBuildFile; fileRef = 1BF950062A02385900593C54 /* HomeCollectionViewCell.swift */; };
		AB97035D27BC4C1F052ACCB3 /* Pods_LaunchScreenDemo.framework in Frameworks */ = {isa = PBXBuildFile; fileRef = 380FD8902162A0EAF3FFBDC8 /* Pods_LaunchScreenDemo.framework */; };
/* End PBXBuildFile section */

/* Begin PBXFileReference section */
		09035C4D6956034F7F13B500 /* Pods-LaunchScreenDemo.release.xcconfig */ = {isa = PBXFileReference; includeInIndex = 1; lastKnownFileType = text.xcconfig; name = "Pods-LaunchScreenDemo.release.xcconfig"; path = "Target Support Files/Pods-LaunchScreenDemo/Pods-LaunchScreenDemo.release.xcconfig"; sourceTree = "<group>"; };
		0F1651B82A7E2D63AFEF91A7 /* Pods-LaunchScreenDemo.debug.xcconfig */ = {isa = PBXFileReference; includeInIndex = 1; lastKnownFileType = text.xcconfig; name = "Pods-LaunchScreenDemo.debug.xcconfig"; path = "Target Support Files/Pods-LaunchScreenDemo/Pods-LaunchScreenDemo.debug.xcconfig"; sourceTree = "<group>"; };
		1B020AE12A57CE02008811D9 /* JeweleryUpdateModel.swift */ = {isa = PBXFileReference; lastKnownFileType = sourcecode.swift; path = JeweleryUpdateModel.swift; sourceTree = "<group>"; };
		1B0663C72A1491070091A456 /* FirstDemoViewController.swift */ = {isa = PBXFileReference; lastKnownFileType = sourcecode.swift; path = FirstDemoViewController.swift; sourceTree = "<group>"; };
		1B0663CD2A1499C60091A456 /* NavigationSViewController.swift */ = {isa = PBXFileReference; lastKnownFileType = sourcecode.swift; path = NavigationSViewController.swift; sourceTree = "<group>"; };
		1B07B2C82A545AAA00D2CC33 /* RequestItemsType.swift */ = {isa = PBXFileReference; lastKnownFileType = sourcecode.swift; path = RequestItemsType.swift; sourceTree = "<group>"; };
		1B21DE8029E01823000730B1 /* NewViewController.swift */ = {isa = PBXFileReference; lastKnownFileType = sourcecode.swift; path = NewViewController.swift; sourceTree = "<group>"; };
		1B3081172A122C7D005F5CED /* LoginViewController.swift */ = {isa = PBXFileReference; lastKnownFileType = sourcecode.swift; path = LoginViewController.swift; sourceTree = "<group>"; };
		1B3081192A123745005F5CED /* TabBarLoginViewController.swift */ = {isa = PBXFileReference; lastKnownFileType = sourcecode.swift; path = TabBarLoginViewController.swift; sourceTree = "<group>"; };
		1B30811B2A123D8D005F5CED /* LogoutViewController.swift */ = {isa = PBXFileReference; lastKnownFileType = sourcecode.swift; path = LogoutViewController.swift; sourceTree = "<group>"; };
		1B30BCA52A5403B100D084F3 /* AlamofireDemo.storyboard */ = {isa = PBXFileReference; lastKnownFileType = file.storyboard; path = AlamofireDemo.storyboard; sourceTree = "<group>"; };
		1B30BCB72A54177500D084F3 /* UserListViewController.swift */ = {isa = PBXFileReference; lastKnownFileType = sourcecode.swift; path = UserListViewController.swift; sourceTree = "<group>"; };
		1B30BCB92A54185500D084F3 /* UsersModel.swift */ = {isa = PBXFileReference; lastKnownFileType = sourcecode.swift; path = UsersModel.swift; sourceTree = "<group>"; };
		1B30BCC12A541D6000D084F3 /* UsersTableViewCell.swift */ = {isa = PBXFileReference; lastKnownFileType = sourcecode.swift; path = UsersTableViewCell.swift; sourceTree = "<group>"; };
		1B30BCC32A5420BD00D084F3 /* SignUpRequest.swift */ = {isa = PBXFileReference; lastKnownFileType = sourcecode.swift; path = SignUpRequest.swift; sourceTree = "<group>"; };
		1B30BCC52A54212200D084F3 /* UpdateUserViewController.swift */ = {isa = PBXFileReference; lastKnownFileType = sourcecode.swift; path = UpdateUserViewController.swift; sourceTree = "<group>"; };
		1B30BCC72A54335E00D084F3 /* RegisterUserViewController.swift */ = {isa = PBXFileReference; lastKnownFileType = sourcecode.swift; path = RegisterUserViewController.swift; sourceTree = "<group>"; };
		1B30BCD32A5455F700D084F3 /* RegisterViewModel.swift */ = {isa = PBXFileReference; lastKnownFileType = sourcecode.swift; path = RegisterViewModel.swift; sourceTree = "<group>"; };
		1B30BCD62A54567F00D084F3 /* Dynamic.swift */ = {isa = PBXFileReference; lastKnownFileType = sourcecode.swift; path = Dynamic.swift; sourceTree = "<group>"; };
		1B30BCD82A54574900D084F3 /* APIManagerDemo.swift */ = {isa = PBXFileReference; lastKnownFileType = sourcecode.swift; path = APIManagerDemo.swift; sourceTree = "<group>"; };
		1B30BCDA2A54579300D084F3 /* CustomError.swift */ = {isa = PBXFileReference; lastKnownFileType = sourcecode.swift; path = CustomError.swift; sourceTree = "<group>"; };
		1B34E2D42A52A1590029353F /* UserModel.swift */ = {isa = PBXFileReference; lastKnownFileType = sourcecode.swift; path = UserModel.swift; sourceTree = "<group>"; };
		1B34E2D82A52A3BA0029353F /* LoginUserViewController.swift */ = {isa = PBXFileReference; lastKnownFileType = sourcecode.swift; path = LoginUserViewController.swift; sourceTree = "<group>"; };
		1B34E2DC2A52A92D0029353F /* ImageUploader.swift */ = {isa = PBXFileReference; lastKnownFileType = sourcecode.swift; path = ImageUploader.swift; sourceTree = "<group>"; };
		1B37605529F0FD5D000D4107 /* UIComponents2.storyboard */ = {isa = PBXFileReference; lastKnownFileType = file.storyboard; path = UIComponents2.storyboard; sourceTree = "<group>"; };
		1B37605829F109F0000D4107 /* TabBarDemoViewController.swift */ = {isa = PBXFileReference; lastKnownFileType = sourcecode.swift; path = TabBarDemoViewController.swift; sourceTree = "<group>"; };
		1B37605C29F1102C000D4107 /* ContactsViewController.swift */ = {isa = PBXFileReference; lastKnownFileType = sourcecode.swift; path = ContactsViewController.swift; sourceTree = "<group>"; };
		1B37605E29F11050000D4107 /* MoreViewController.swift */ = {isa = PBXFileReference; lastKnownFileType = sourcecode.swift; path = MoreViewController.swift; sourceTree = "<group>"; };
		1B37606029F1191C000D4107 /* StackViewDemoViewController.swift */ = {isa = PBXFileReference; lastKnownFileType = sourcecode.swift; path = StackViewDemoViewController.swift; sourceTree = "<group>"; };
		1B37825229F293CB00E01236 /* DatePickerDemoViewController.swift */ = {isa = PBXFileReference; lastKnownFileType = sourcecode.swift; path = DatePickerDemoViewController.swift; sourceTree = "<group>"; };
		1B3EAC2F2A0BAAF9003E6E72 /* PFirstViewController.swift */ = {isa = PBXFileReference; lastKnownFileType = sourcecode.swift; path = PFirstViewController.swift; sourceTree = "<group>"; };
		1B3EAC312A0BAC08003E6E72 /* PSecondViewController.swift */ = {isa = PBXFileReference; lastKnownFileType = sourcecode.swift; path = PSecondViewController.swift; sourceTree = "<group>"; };
		1B48D47229E43D7B00E90B02 /* UIComponents.storyboard */ = {isa = PBXFileReference; lastKnownFileType = file.storyboard; path = UIComponents.storyboard; sourceTree = "<group>"; };
		1B4B6E7429E7D59200CCD5FF /* StateData.swift */ = {isa = PBXFileReference; lastKnownFileType = sourcecode.swift; path = StateData.swift; sourceTree = "<group>"; };
		1B4B6E7829E8018C00CCD5FF /* DemoTableViewController.swift */ = {isa = PBXFileReference; lastKnownFileType = sourcecode.swift; path = DemoTableViewController.swift; sourceTree = "<group>"; };
		1B4B6E7E29E8094000CCD5FF /* DemoTableViewCell.swift */ = {isa = PBXFileReference; lastKnownFileType = sourcecode.swift; path = DemoTableViewCell.swift; sourceTree = "<group>"; };
		1B4B6E8029E8159700CCD5FF /* ColorTableViewCell.swift */ = {isa = PBXFileReference; lastKnownFileType = sourcecode.swift; path = ColorTableViewCell.swift; sourceTree = "<group>"; };
		1B4E45F829E90DD30043A415 /* CollectionViewController.swift */ = {isa = PBXFileReference; lastKnownFileType = sourcecode.swift; path = CollectionViewController.swift; sourceTree = "<group>"; };
		1B4E45FB29E90EF90043A415 /* DemoCollectionViewCell.swift */ = {isa = PBXFileReference; lastKnownFileType = sourcecode.swift; path = DemoCollectionViewCell.swift; sourceTree = "<group>"; };
		1B53048A2A554B16008DD99D /* JobRequestModel.swift */ = {isa = PBXFileReference; lastKnownFileType = sourcecode.swift; path = JobRequestModel.swift; sourceTree = "<group>"; };
		1B5944F32A552750002D5EAE /* UpdateUserViewModel.swift */ = {isa = PBXFileReference; lastKnownFileType = sourcecode.swift; path = UpdateUserViewModel.swift; sourceTree = "<group>"; };
		1B65E52729E3EAED0090E749 /* LabelViewController.swift */ = {isa = PBXFileReference; lastKnownFileType = sourcecode.swift; path = LabelViewController.swift; sourceTree = "<group>"; };
		1B65E52929E3EB9A0090E749 /* ButtonViewController.swift */ = {isa = PBXFileReference; lastKnownFileType = sourcecode.swift; path = ButtonViewController.swift; sourceTree = "<group>"; };
		1B65E53529E40DB30090E749 /* CustomTextField.swift */ = {isa = PBXFileReference; lastKnownFileType = sourcecode.swift; path = CustomTextField.swift; sourceTree = "<group>"; };
		1B65E53729E410DE0090E749 /* TextFieldViewController.swift */ = {isa = PBXFileReference; lastKnownFileType = sourcecode.swift; path = TextFieldViewController.swift; sourceTree = "<group>"; };
		1B65E53929E4165A0090E749 /* TextViewController.swift */ = {isa = PBXFileReference; lastKnownFileType = sourcecode.swift; path = TextViewController.swift; sourceTree = "<group>"; };
		1B65E53B29E41CFF0090E749 /* CustomTextView.swift */ = {isa = PBXFileReference; lastKnownFileType = sourcecode.swift; path = CustomTextView.swift; sourceTree = "<group>"; };
		1B65E53D29E420B30090E749 /* SwitchViewController.swift */ = {isa = PBXFileReference; lastKnownFileType = sourcecode.swift; path = SwitchViewController.swift; sourceTree = "<group>"; };
		1B66D7052A4FFE5700E14EA0 /* APIManager.swift */ = {isa = PBXFileReference; lastKnownFileType = sourcecode.swift; path = APIManager.swift; sourceTree = "<group>"; };
		1B66D70A2A50038A00E14EA0 /* ImageUploadResponse.swift */ = {isa = PBXFileReference; lastKnownFileType = sourcecode.swift; path = ImageUploadResponse.swift; sourceTree = "<group>"; };
		1B66D70C2A50082000E14EA0 /* ImageUploadingViewController.swift */ = {isa = PBXFileReference; lastKnownFileType = sourcecode.swift; path = ImageUploadingViewController.swift; sourceTree = "<group>"; };
		1B66D7122A50381000E14EA0 /* AddUserViewController.swift */ = {isa = PBXFileReference; lastKnownFileType = sourcecode.swift; path = AddUserViewController.swift; sourceTree = "<group>"; };
		1B66D7162A503A7900E14EA0 /* UserRegister.swift */ = {isa = PBXFileReference; lastKnownFileType = sourcecode.swift; path = UserRegister.swift; sourceTree = "<group>"; };
		1B790B0329F15A3F00E9A247 /* ToolBarDemoViewController.swift */ = {isa = PBXFileReference; lastKnownFileType = sourcecode.swift; path = ToolBarDemoViewController.swift; sourceTree = "<group>"; };
		1B7E0F6C2A56CA9C00ABAC3F /* JeweleryUpdateViewController.swift */ = {isa = PBXFileReference; lastKnownFileType = sourcecode.swift; path = JeweleryUpdateViewController.swift; sourceTree = "<group>"; };
		1B80FA282A0E5C7D00B64701 /* PatientViewController.swift */ = {isa = PBXFileReference; lastKnownFileType = sourcecode.swift; path = PatientViewController.swift; sourceTree = "<group>"; };
		1B80FA2B2A0E605A00B64701 /* PatientTableViewCell.swift */ = {isa = PBXFileReference; lastKnownFileType = sourcecode.swift; path = PatientTableViewCell.swift; sourceTree = "<group>"; };
		1B8E43F529E949FD00622504 /* LabelExpandTableViewCell.swift */ = {isa = PBXFileReference; lastKnownFileType = sourcecode.swift; path = LabelExpandTableViewCell.swift; sourceTree = "<group>"; };
		1B8E43FE29E9815B00622504 /* DemoData.swift */ = {isa = PBXFileReference; lastKnownFileType = sourcecode.swift; path = DemoData.swift; sourceTree = "<group>"; };
		1B9D6E4E2A4E8FDC0094227A /* WebServices.storyboard */ = {isa = PBXFileReference; lastKnownFileType = file.storyboard; path = WebServices.storyboard; sourceTree = "<group>"; };
		1B9D6E502A4E93EA0094227A /* UsersViewController.swift */ = {isa = PBXFileReference; lastKnownFileType = sourcecode.swift; path = UsersViewController.swift; sourceTree = "<group>"; };
		1B9D6E532A4E9E2C0094227A /* UserTableViewCell.swift */ = {isa = PBXFileReference; lastKnownFileType = sourcecode.swift; path = UserTableViewCell.swift; sourceTree = "<group>"; };
		1B9EC8E229F9245000168A69 /* AlbumDemoCollectionViewCell.swift */ = {isa = PBXFileReference; lastKnownFileType = sourcecode.swift; path = AlbumDemoCollectionViewCell.swift; sourceTree = "<group>"; };
		1B9EC8E429F92DB300168A69 /* ImageCollectionViewCell.swift */ = {isa = PBXFileReference; lastKnownFileType = sourcecode.swift; path = ImageCollectionViewCell.swift; sourceTree = "<group>"; };
		1B9EC8E829F92E1B00168A69 /* ImageCollectionViewController.swift */ = {isa = PBXFileReference; lastKnownFileType = sourcecode.swift; path = ImageCollectionViewController.swift; sourceTree = "<group>"; };
		1B9EC8EA29F92EC900168A69 /* ImagesModel.swift */ = {isa = PBXFileReference; lastKnownFileType = sourcecode.swift; path = ImagesModel.swift; sourceTree = "<group>"; };
		1BAFEFCD29F8D8E900BCEA23 /* ScrollViewController.swift */ = {isa = PBXFileReference; lastKnownFileType = sourcecode.swift; path = ScrollViewController.swift; sourceTree = "<group>"; };
		1BAFEFCF29F9199700BCEA23 /* SeriesSearchCollectionViewCell.swift */ = {isa = PBXFileReference; lastKnownFileType = sourcecode.swift; path = SeriesSearchCollectionViewCell.swift; sourceTree = "<group>"; };
		1BB50E642A0CAD2B00E0F89A /* CustomSegue.swift */ = {isa = PBXFileReference; lastKnownFileType = sourcecode.swift; path = CustomSegue.swift; sourceTree = "<group>"; };
		1BB50E6F2A0CC11900E0F89A /* FirstVC.swift */ = {isa = PBXFileReference; lastKnownFileType = sourcecode.swift; path = FirstVC.swift; sourceTree = "<group>"; };
		1BB50E712A0CC14600E0F89A /* SecondVC.swift */ = {isa = PBXFileReference; lastKnownFileType = sourcecode.swift; path = SecondVC.swift; sourceTree = "<group>"; };
		1BB50E732A0CC17100E0F89A /* ThirdVC.swift */ = {isa = PBXFileReference; lastKnownFileType = sourcecode.swift; path = ThirdVC.swift; sourceTree = "<group>"; };
		1BB50E792A0CD80B00E0F89A /* ForthVC.swift */ = {isa = PBXFileReference; lastKnownFileType = sourcecode.swift; path = ForthVC.swift; sourceTree = "<group>"; };
		1BB50E7B2A0D01D600E0F89A /* FifthVC.swift */ = {isa = PBXFileReference; lastKnownFileType = sourcecode.swift; path = FifthVC.swift; sourceTree = "<group>"; };
		1BC095BE29F7A6250042ED7A /* SegueFirstViewController.swift */ = {isa = PBXFileReference; lastKnownFileType = sourcecode.swift; path = SegueFirstViewController.swift; sourceTree = "<group>"; };
		1BC095C029F7A7EB0042ED7A /* SegueSecondViewController.swift */ = {isa = PBXFileReference; lastKnownFileType = sourcecode.swift; path = SegueSecondViewController.swift; sourceTree = "<group>"; };
		1BC095C229F7C8F40042ED7A /* ButtonPropertiesViewController.swift */ = {isa = PBXFileReference; lastKnownFileType = sourcecode.swift; path = ButtonPropertiesViewController.swift; sourceTree = "<group>"; };
		1BC0FF4B2A55671A00083F1F /* ProductRequestModel.swift */ = {isa = PBXFileReference; lastKnownFileType = sourcecode.swift; path = ProductRequestModel.swift; sourceTree = "<group>"; };
		1BC217DC2A6509D500990299 /* CustomControls.storyboard */ = {isa = PBXFileReference; lastKnownFileType = file.storyboard; path = CustomControls.storyboard; sourceTree = "<group>"; };
		1BC217DF2A650C6200990299 /* CustomRangeSlider.swift */ = {isa = PBXFileReference; lastKnownFileType = sourcecode.swift; path = CustomRangeSlider.swift; sourceTree = "<group>"; };
		1BC217E12A6511AF00990299 /* CustomControlsViewController.swift */ = {isa = PBXFileReference; lastKnownFileType = sourcecode.swift; path = CustomControlsViewController.swift; sourceTree = "<group>"; };
		1BC217E72A65222000990299 /* CustomTextfield.swift */ = {isa = PBXFileReference; lastKnownFileType = sourcecode.swift; path = CustomTextfield.swift; sourceTree = "<group>"; };
		1BC217EA2A65431D00990299 /* Extensions.swift */ = {isa = PBXFileReference; lastKnownFileType = sourcecode.swift; path = Extensions.swift; sourceTree = "<group>"; };
		1BC217EE2A654E6800990299 /* CustomButton.swift */ = {isa = PBXFileReference; lastKnownFileType = sourcecode.swift; path = CustomButton.swift; sourceTree = "<group>"; };
		1BC51A1929E52B4600AC4827 /* SliderViewController.swift */ = {isa = PBXFileReference; lastKnownFileType = sourcecode.swift; path = SliderViewController.swift; sourceTree = "<group>"; };
		1BC51A1B29E5441300AC4827 /* ProgressViewController.swift */ = {isa = PBXFileReference; lastKnownFileType = sourcecode.swift; path = ProgressViewController.swift; sourceTree = "<group>"; };
		1BC51A1D29E55CD400AC4827 /* PageControlViewController.swift */ = {isa = PBXFileReference; lastKnownFileType = sourcecode.swift; path = PageControlViewController.swift; sourceTree = "<group>"; };
		1BC51A1F29E5701400AC4827 /* SegmentedViewController.swift */ = {isa = PBXFileReference; lastKnownFileType = sourcecode.swift; path = SegmentedViewController.swift; sourceTree = "<group>"; };
		1BC51A2129E5796B00AC4827 /* StepperViewController.swift */ = {isa = PBXFileReference; lastKnownFileType = sourcecode.swift; path = StepperViewController.swift; sourceTree = "<group>"; };
		1BC9E7D929EFBBD700C8B154 /* SearchBarCollectionViewCell.swift */ = {isa = PBXFileReference; lastKnownFileType = sourcecode.swift; path = SearchBarCollectionViewCell.swift; sourceTree = "<group>"; };
		1BCD825429EFAF10007D9A4C /* SearchBarDemoViewController.swift */ = {isa = PBXFileReference; lastKnownFileType = sourcecode.swift; path = SearchBarDemoViewController.swift; sourceTree = "<group>"; };
		1BD6D77D299CB1C0000B1CE4 /* LaunchScreenDemo.app */ = {isa = PBXFileReference; explicitFileType = wrapper.application; includeInIndex = 0; path = LaunchScreenDemo.app; sourceTree = BUILT_PRODUCTS_DIR; };
		1BD6D780299CB1C0000B1CE4 /* AppDelegate.swift */ = {isa = PBXFileReference; lastKnownFileType = sourcecode.swift; path = AppDelegate.swift; sourceTree = "<group>"; };
		1BD6D782299CB1C0000B1CE4 /* SceneDelegate.swift */ = {isa = PBXFileReference; lastKnownFileType = sourcecode.swift; path = SceneDelegate.swift; sourceTree = "<group>"; };
		1BD6D784299CB1C0000B1CE4 /* ViewController.swift */ = {isa = PBXFileReference; lastKnownFileType = sourcecode.swift; path = ViewController.swift; sourceTree = "<group>"; };
		1BD6D787299CB1C0000B1CE4 /* Base */ = {isa = PBXFileReference; lastKnownFileType = file.storyboard; name = Base; path = Base.lproj/Main.storyboard; sourceTree = "<group>"; };
		1BD6D789299CB1C1000B1CE4 /* Assets.xcassets */ = {isa = PBXFileReference; lastKnownFileType = folder.assetcatalog; path = Assets.xcassets; sourceTree = "<group>"; };
		1BD6D78C299CB1C1000B1CE4 /* Base */ = {isa = PBXFileReference; lastKnownFileType = file.storyboard; name = Base; path = Base.lproj/LaunchScreen.storyboard; sourceTree = "<group>"; };
		1BD6D78E299CB1C1000B1CE4 /* Info.plist */ = {isa = PBXFileReference; lastKnownFileType = text.plist.xml; path = Info.plist; sourceTree = "<group>"; };
		1BD6D794299CD1D6000B1CE4 /* LaunchScreenDemoRelease.entitlements */ = {isa = PBXFileReference; lastKnownFileType = text.plist.entitlements; path = LaunchScreenDemoRelease.entitlements; sourceTree = "<group>"; };
		1BDCAE072A0BC5E500E10281 /* PThirdViewController.swift */ = {isa = PBXFileReference; lastKnownFileType = sourcecode.swift; path = PThirdViewController.swift; sourceTree = "<group>"; };
		1BDDA23A29E6618800D06376 /* CustomSegmentControl.swift */ = {isa = PBXFileReference; lastKnownFileType = sourcecode.swift; path = CustomSegmentControl.swift; sourceTree = "<group>"; };
		1BDDA23C29E68FEC00D06376 /* TableContentViewController.swift */ = {isa = PBXFileReference; lastKnownFileType = sourcecode.swift; path = TableContentViewController.swift; sourceTree = "<group>"; };
		1BDDA24329E6942F00D06376 /* IndexTableViewCell.swift */ = {isa = PBXFileReference; lastKnownFileType = sourcecode.swift; path = IndexTableViewCell.swift; sourceTree = "<group>"; };
		1BDDA24429E6942F00D06376 /* IndexTableViewCell.xib */ = {isa = PBXFileReference; lastKnownFileType = file.xib; path = IndexTableViewCell.xib; sourceTree = "<group>"; };
		1BDDA24729E6AB2600D06376 /* EvenTableViewCell.swift */ = {isa = PBXFileReference; lastKnownFileType = sourcecode.swift; path = EvenTableViewCell.swift; sourceTree = "<group>"; };
		1BDDA24829E6AB2600D06376 /* EvenTableViewCell.xib */ = {isa = PBXFileReference; lastKnownFileType = file.xib; path = EvenTableViewCell.xib; sourceTree = "<group>"; };
		1BDDA25829E6BC8C00D06376 /* FindJobModel.swift */ = {isa = PBXFileReference; lastKnownFileType = sourcecode.swift; path = FindJobModel.swift; sourceTree = "<group>"; };
		1BDDA25A29E6BE4900D06376 /* CompanyTableCellTableViewCell.swift */ = {isa = PBXFileReference; lastKnownFileType = sourcecode.swift; path = CompanyTableCellTableViewCell.swift; sourceTree = "<group>"; };
		1BDDA25B29E6BE4900D06376 /* CompanyTableCellTableViewCell.xib */ = {isa = PBXFileReference; lastKnownFileType = file.xib; path = CompanyTableCellTableViewCell.xib; sourceTree = "<group>"; };
		1BDDA25E29E6C12400D06376 /* JobViewController.swift */ = {isa = PBXFileReference; lastKnownFileType = sourcecode.swift; path = JobViewController.swift; sourceTree = "<group>"; };
		1BDDA26029E6CE4800D06376 /* StateTableViewController.swift */ = {isa = PBXFileReference; lastKnownFileType = sourcecode.swift; path = StateTableViewController.swift; sourceTree = "<group>"; };
		1BDDA26229E6D07000D06376 /* StateTableViewCell.swift */ = {isa = PBXFileReference; lastKnownFileType = sourcecode.swift; path = StateTableViewCell.swift; sourceTree = "<group>"; };
		1BDDA26329E6D07000D06376 /* StateTableViewCell.xib */ = {isa = PBXFileReference; lastKnownFileType = file.xib; path = StateTableViewCell.xib; sourceTree = "<group>"; };
		1BDFA22F29ED11B900340837 /* DemoCollectionViewController.swift */ = {isa = PBXFileReference; lastKnownFileType = sourcecode.swift; path = DemoCollectionViewController.swift; sourceTree = "<group>"; };
		1BDFA23129ED12BB00340837 /* ArtistsCollectionViewCell.swift */ = {isa = PBXFileReference; lastKnownFileType = sourcecode.swift; path = ArtistsCollectionViewCell.swift; sourceTree = "<group>"; };
		1BDFA23329ED1B8F00340837 /* ArtistsModel.swift */ = {isa = PBXFileReference; lastKnownFileType = sourcecode.swift; path = ArtistsModel.swift; sourceTree = "<group>"; };
		1BDFA23529ED404B00340837 /* AlbumsCollectionViewCell.swift */ = {isa = PBXFileReference; lastKnownFileType = sourcecode.swift; path = AlbumsCollectionViewCell.swift; sourceTree = "<group>"; };
		1BDFA23929ED603B00340837 /* ImagePickerViewController.swift */ = {isa = PBXFileReference; lastKnownFileType = sourcecode.swift; path = ImagePickerViewController.swift; sourceTree = "<group>"; };
		1BE0995B2A0B647C00211801 /* FirstViewController.swift */ = {isa = PBXFileReference; lastKnownFileType = sourcecode.swift; path = FirstViewController.swift; sourceTree = "<group>"; };
		1BE0995D2A0B64AE00211801 /* SecondViewController.swift */ = {isa = PBXFileReference; lastKnownFileType = sourcecode.swift; path = SecondViewController.swift; sourceTree = "<group>"; };
		1BE0995F2A0B694700211801 /* ThirdViewController.swift */ = {isa = PBXFileReference; lastKnownFileType = sourcecode.swift; path = ThirdViewController.swift; sourceTree = "<group>"; };
		1BE172C12A0B4E5300D6EF76 /* NavigationController.storyboard */ = {isa = PBXFileReference; lastKnownFileType = file.storyboard; path = NavigationController.storyboard; sourceTree = "<group>"; };
		1BE2D3662A0E05B500E76B0F /* PForthViewController.swift */ = {isa = PBXFileReference; lastKnownFileType = sourcecode.swift; path = PForthViewController.swift; sourceTree = "<group>"; };
		1BE2D36A2A0E1B4900E76B0F /* FifthViewController.swift */ = {isa = PBXFileReference; lastKnownFileType = sourcecode.swift; path = FifthViewController.swift; sourceTree = "<group>"; };
		1BE2D36C2A0E1CE500E76B0F /* CombineScreenViewController.swift */ = {isa = PBXFileReference; lastKnownFileType = sourcecode.swift; path = CombineScreenViewController.swift; sourceTree = "<group>"; };
		1BE2D3702A0E1D4B00E76B0F /* ComponentsModel.swift */ = {isa = PBXFileReference; lastKnownFileType = sourcecode.swift; path = ComponentsModel.swift; sourceTree = "<group>"; };
		1BE2D3722A0E31EE00E76B0F /* ComponentsTableViewCell.swift */ = {isa = PBXFileReference; lastKnownFileType = sourcecode.swift; path = ComponentsTableViewCell.swift; sourceTree = "<group>"; };
		1BE4BDE929F2563F00F946B5 /* ToolBarPropertyDemoViewController.swift */ = {isa = PBXFileReference; lastKnownFileType = sourcecode.swift; path = ToolBarPropertyDemoViewController.swift; sourceTree = "<group>"; };
		1BE4BDEB29F2609000F946B5 /* PickerDemoViewController.swift */ = {isa = PBXFileReference; lastKnownFileType = sourcecode.swift; path = PickerDemoViewController.swift; sourceTree = "<group>"; };
		1BE8C0DE29EE769E00FC3632 /* PHPickerDemoViewController.swift */ = {isa = PBXFileReference; lastKnownFileType = sourcecode.swift; path = PHPickerDemoViewController.swift; sourceTree = "<group>"; };
		1BE8C0E029EE7A3300FC3632 /* ImagePickerDataCollectionViewCell.swift */ = {isa = PBXFileReference; lastKnownFileType = sourcecode.swift; path = ImagePickerDataCollectionViewCell.swift; sourceTree = "<group>"; };
		1BE8C0E229EE915300FC3632 /* ActivityIndicatorDemoViewController.swift */ = {isa = PBXFileReference; lastKnownFileType = sourcecode.swift; path = ActivityIndicatorDemoViewController.swift; sourceTree = "<group>"; };
		1BE8C0E429EEA05C00FC3632 /* WebDemoViewController.swift */ = {isa = PBXFileReference; lastKnownFileType = sourcecode.swift; path = WebDemoViewController.swift; sourceTree = "<group>"; };
		1BE8C0EA29EEA8E300FC3632 /* Demo.pdf */ = {isa = PBXFileReference; lastKnownFileType = image.pdf; path = Demo.pdf; sourceTree = "<group>"; };
		1BE8CEB92A13828800649817 /* PatientNavigationViewController.swift */ = {isa = PBXFileReference; lastKnownFileType = sourcecode.swift; path = PatientNavigationViewController.swift; sourceTree = "<group>"; };
		1BE8CEC82A1394BC00649817 /* LoginUpdates.swift */ = {isa = PBXFileReference; lastKnownFileType = sourcecode.swift; path = LoginUpdates.swift; sourceTree = "<group>"; };
		1BE95A0B2A559901005C5EA8 /* RegUserViewController.swift */ = {isa = PBXFileReference; lastKnownFileType = sourcecode.swift; path = RegUserViewController.swift; sourceTree = "<group>"; };
		1BE95A0D2A55A916005C5EA8 /* JeweleryViewController.swift */ = {isa = PBXFileReference; lastKnownFileType = sourcecode.swift; path = JeweleryViewController.swift; sourceTree = "<group>"; };
		1BE95A0F2A55A995005C5EA8 /* JeweleryViewModel.swift */ = {isa = PBXFileReference; lastKnownFileType = sourcecode.swift; path = JeweleryViewModel.swift; sourceTree = "<group>"; };
		1BE95A112A55AB87005C5EA8 /* JeweleryTableViewCell.swift */ = {isa = PBXFileReference; lastKnownFileType = sourcecode.swift; path = JeweleryTableViewCell.swift; sourceTree = "<group>"; };
		1BEC062A2A00C9F6009F69EE /* DemoScreenViewController.swift */ = {isa = PBXFileReference; lastKnownFileType = sourcecode.swift; path = DemoScreenViewController.swift; sourceTree = "<group>"; };
		1BEC8E592A13B79700EF9BB3 /* ThirdDemoViewController.swift */ = {isa = PBXFileReference; lastKnownFileType = sourcecode.swift; path = ThirdDemoViewController.swift; sourceTree = "<group>"; };
		1BF4D7B129F63BB500770E98 /* MapViewController.swift */ = {isa = PBXFileReference; lastKnownFileType = sourcecode.swift; path = MapViewController.swift; sourceTree = "<group>"; };
		1BF950062A02385900593C54 /* HomeCollectionViewCell.swift */ = {isa = PBXFileReference; lastKnownFileType = sourcecode.swift; path = HomeCollectionViewCell.swift; sourceTree = "<group>"; };
		380FD8902162A0EAF3FFBDC8 /* Pods_LaunchScreenDemo.framework */ = {isa = PBXFileReference; explicitFileType = wrapper.framework; includeInIndex = 0; path = Pods_LaunchScreenDemo.framework; sourceTree = BUILT_PRODUCTS_DIR; };
/* End PBXFileReference section */

/* Begin PBXFrameworksBuildPhase section */
		1BD6D77A299CB1C0000B1CE4 /* Frameworks */ = {
			isa = PBXFrameworksBuildPhase;
			buildActionMask = 2147483647;
			files = (
				AB97035D27BC4C1F052ACCB3 /* Pods_LaunchScreenDemo.framework in Frameworks */,
			);
			runOnlyForDeploymentPostprocessing = 0;
		};
/* End PBXFrameworksBuildPhase section */

/* Begin PBXGroup section */
		083F97E2584CF864BC5AEE1B /* Pods */ = {
			isa = PBXGroup;
			children = (
				0F1651B82A7E2D63AFEF91A7 /* Pods-LaunchScreenDemo.debug.xcconfig */,
				09035C4D6956034F7F13B500 /* Pods-LaunchScreenDemo.release.xcconfig */,
			);
			path = Pods;
			sourceTree = "<group>";
		};
		1B0663CF2A14B78F0091A456 /* NavigationDemo */ = {
			isa = PBXGroup;
			children = (
				1B0663CD2A1499C60091A456 /* NavigationSViewController.swift */,
				1B0663C72A1491070091A456 /* FirstDemoViewController.swift */,
				1BEC8E592A13B79700EF9BB3 /* ThirdDemoViewController.swift */,
			);
			path = NavigationDemo;
			sourceTree = "<group>";
		};
		1B30BCB22A54160800D084F3 /* Model */ = {
			isa = PBXGroup;
			children = (
				1B30BCB92A54185500D084F3 /* UsersModel.swift */,
				1B30BCC32A5420BD00D084F3 /* SignUpRequest.swift */,
				1B53048A2A554B16008DD99D /* JobRequestModel.swift */,
				1BC0FF4B2A55671A00083F1F /* ProductRequestModel.swift */,
				1B020AE12A57CE02008811D9 /* JeweleryUpdateModel.swift */,
			);
			path = Model;
			sourceTree = "<group>";
		};
		1B30BCBF2A541B9000D084F3 /* APIManager */ = {
			isa = PBXGroup;
			children = (
				1B30BCD82A54574900D084F3 /* APIManagerDemo.swift */,
				1B30BCDA2A54579300D084F3 /* CustomError.swift */,
				1B07B2C82A545AAA00D2CC33 /* RequestItemsType.swift */,
			);
			path = APIManager;
			sourceTree = "<group>";
		};
		1B30BCC02A541D4500D084F3 /* cell */ = {
			isa = PBXGroup;
			children = (
				1B30BCC12A541D6000D084F3 /* UsersTableViewCell.swift */,
				1BE95A112A55AB87005C5EA8 /* JeweleryTableViewCell.swift */,
			);
			path = cell;
			sourceTree = "<group>";
		};
		1B30BCD02A54503900D084F3 /* ViewModel */ = {
			isa = PBXGroup;
			children = (
				1B30BCD32A5455F700D084F3 /* RegisterViewModel.swift */,
				1B5944F32A552750002D5EAE /* UpdateUserViewModel.swift */,
				1BE95A0F2A55A995005C5EA8 /* JeweleryViewModel.swift */,
			);
			path = ViewModel;
			sourceTree = "<group>";
		};
		1B30BCD52A54567000D084F3 /* Dynamics */ = {
			isa = PBXGroup;
			children = (
				1B30BCD62A54567F00D084F3 /* Dynamic.swift */,
			);
			path = Dynamics;
			sourceTree = "<group>";
		};
		1B34E2DE2A52DD610029353F /* APIManager */ = {
			isa = PBXGroup;
			children = (
				1B34E2DC2A52A92D0029353F /* ImageUploader.swift */,
				1B66D7052A4FFE5700E14EA0 /* APIManager.swift */,
			);
			path = APIManager;
			sourceTree = "<group>";
		};
		1B37605729F109B1000D4107 /* TabBar */ = {
			isa = PBXGroup;
			children = (
				1B37605829F109F0000D4107 /* TabBarDemoViewController.swift */,
				1B37605C29F1102C000D4107 /* ContactsViewController.swift */,
				1B37605E29F11050000D4107 /* MoreViewController.swift */,
			);
			path = TabBar;
			sourceTree = "<group>";
		};
		1B4E45FA29E90EDA0043A415 /* CollectionViewCells */ = {
			isa = PBXGroup;
			children = (
				1BE8C0E029EE7A3300FC3632 /* ImagePickerDataCollectionViewCell.swift */,
				1BDFA23529ED404B00340837 /* AlbumsCollectionViewCell.swift */,
				1B4E45FB29E90EF90043A415 /* DemoCollectionViewCell.swift */,
				1BDFA23129ED12BB00340837 /* ArtistsCollectionViewCell.swift */,
				1BC9E7D929EFBBD700C8B154 /* SearchBarCollectionViewCell.swift */,
				1BAFEFCF29F9199700BCEA23 /* SeriesSearchCollectionViewCell.swift */,
				1B9EC8E229F9245000168A69 /* AlbumDemoCollectionViewCell.swift */,
				1B9EC8E429F92DB300168A69 /* ImageCollectionViewCell.swift */,
				1BF950062A02385900593C54 /* HomeCollectionViewCell.swift */,
			);
			path = CollectionViewCells;
			sourceTree = "<group>";
		};
		1B80FA2A2A0E601B00B64701 /* PatientDemo */ = {
			isa = PBXGroup;
			children = (
				1BE8CEB92A13828800649817 /* PatientNavigationViewController.swift */,
				1B80FA282A0E5C7D00B64701 /* PatientViewController.swift */,
				1B80FA2B2A0E605A00B64701 /* PatientTableViewCell.swift */,
			);
			path = PatientDemo;
			sourceTree = "<group>";
		};
		1B8E43F729E97F4100622504 /* Models */ = {
			isa = PBXGroup;
			children = (
				1BDDA25829E6BC8C00D06376 /* FindJobModel.swift */,
				1B4B6E7429E7D59200CCD5FF /* StateData.swift */,
				1B8E43FE29E9815B00622504 /* DemoData.swift */,
				1BDFA23329ED1B8F00340837 /* ArtistsModel.swift */,
				1B9EC8EA29F92EC900168A69 /* ImagesModel.swift */,
			);
			path = Models;
			sourceTree = "<group>";
		};
		1B8E43FB29E97FD900622504 /* UIComponentsViewControllers */ = {
			isa = PBXGroup;
			children = (
				1B37605729F109B1000D4107 /* TabBar */,
				1B65E52729E3EAED0090E749 /* LabelViewController.swift */,
				1BC51A2129E5796B00AC4827 /* StepperViewController.swift */,
				1BC51A1F29E5701400AC4827 /* SegmentedViewController.swift */,
				1BC51A1D29E55CD400AC4827 /* PageControlViewController.swift */,
				1B65E53729E410DE0090E749 /* TextFieldViewController.swift */,
				1B65E53929E4165A0090E749 /* TextViewController.swift */,
				1B65E53B29E41CFF0090E749 /* CustomTextView.swift */,
				1B65E53D29E420B30090E749 /* SwitchViewController.swift */,
				1BDDA25E29E6C12400D06376 /* JobViewController.swift */,
				1BDDA26029E6CE4800D06376 /* StateTableViewController.swift */,
				1B4E45F829E90DD30043A415 /* CollectionViewController.swift */,
				1BDDA23C29E68FEC00D06376 /* TableContentViewController.swift */,
				1B4B6E7829E8018C00CCD5FF /* DemoTableViewController.swift */,
				1BDDA23A29E6618800D06376 /* CustomSegmentControl.swift */,
				1B65E53529E40DB30090E749 /* CustomTextField.swift */,
				1BC51A1B29E5441300AC4827 /* ProgressViewController.swift */,
				1BC51A1929E52B4600AC4827 /* SliderViewController.swift */,
				1B65E52929E3EB9A0090E749 /* ButtonViewController.swift */,
				1BDFA22F29ED11B900340837 /* DemoCollectionViewController.swift */,
				1BDFA23929ED603B00340837 /* ImagePickerViewController.swift */,
				1BE8C0DE29EE769E00FC3632 /* PHPickerDemoViewController.swift */,
				1BE8C0E229EE915300FC3632 /* ActivityIndicatorDemoViewController.swift */,
				1BE8C0E429EEA05C00FC3632 /* WebDemoViewController.swift */,
				1BCD825429EFAF10007D9A4C /* SearchBarDemoViewController.swift */,
				1B37606029F1191C000D4107 /* StackViewDemoViewController.swift */,
				1B790B0329F15A3F00E9A247 /* ToolBarDemoViewController.swift */,
				1BE4BDE929F2563F00F946B5 /* ToolBarPropertyDemoViewController.swift */,
				1BE4BDEB29F2609000F946B5 /* PickerDemoViewController.swift */,
				1B37825229F293CB00E01236 /* DatePickerDemoViewController.swift */,
				1BF4D7B129F63BB500770E98 /* MapViewController.swift */,
				1BC095BE29F7A6250042ED7A /* SegueFirstViewController.swift */,
				1BC095C029F7A7EB0042ED7A /* SegueSecondViewController.swift */,
				1BC095C229F7C8F40042ED7A /* ButtonPropertiesViewController.swift */,
				1BAFEFCD29F8D8E900BCEA23 /* ScrollViewController.swift */,
				1B9EC8E829F92E1B00168A69 /* ImageCollectionViewController.swift */,
				1BEC062A2A00C9F6009F69EE /* DemoScreenViewController.swift */,
			);
			path = UIComponentsViewControllers;
			sourceTree = "<group>";
		};
		1B9D6E4D2A4E8F9B0094227A /* WebServices */ = {
			isa = PBXGroup;
			children = (
				1BCD56DF2A53FB620024219C /* Alamofire */,
				1BCD56DE2A53FA570024219C /* URLSession */,
			);
			path = WebServices;
			sourceTree = "<group>";
		};
		1B9D6E522A4E9E040094227A /* cells */ = {
			isa = PBXGroup;
			children = (
				1B9D6E532A4E9E2C0094227A /* UserTableViewCell.swift */,
			);
			path = cells;
			sourceTree = "<group>";
		};
		1B9D6E552A4E9E620094227A /* Model */ = {
			isa = PBXGroup;
			children = (
				1B66D70A2A50038A00E14EA0 /* ImageUploadResponse.swift */,
				1B66D7162A503A7900E14EA0 /* UserRegister.swift */,
				1B34E2D42A52A1590029353F /* UserModel.swift */,
			);
			path = Model;
			sourceTree = "<group>";
		};
		1BB50E522A0CA06100E0F89A /* Programmatically */ = {
			isa = PBXGroup;
			children = (
				1B3EAC2F2A0BAAF9003E6E72 /* PFirstViewController.swift */,
				1B3EAC312A0BAC08003E6E72 /* PSecondViewController.swift */,
				1BDCAE072A0BC5E500E10281 /* PThirdViewController.swift */,
				1BE2D3662A0E05B500E76B0F /* PForthViewController.swift */,
				1BB50E6F2A0CC11900E0F89A /* FirstVC.swift */,
				1BB50E712A0CC14600E0F89A /* SecondVC.swift */,
				1BB50E732A0CC17100E0F89A /* ThirdVC.swift */,
				1BB50E792A0CD80B00E0F89A /* ForthVC.swift */,
				1BB50E7B2A0D01D600E0F89A /* FifthVC.swift */,
			);
			path = Programmatically;
			sourceTree = "<group>";
		};
		1BB50E532A0CA0AD00E0F89A /* Segue */ = {
			isa = PBXGroup;
			children = (
				1BE0995B2A0B647C00211801 /* FirstViewController.swift */,
				1BE0995D2A0B64AE00211801 /* SecondViewController.swift */,
				1BE0995F2A0B694700211801 /* ThirdViewController.swift */,
				1BB50E642A0CAD2B00E0F89A /* CustomSegue.swift */,
				1BE2D36A2A0E1B4900E76B0F /* FifthViewController.swift */,
			);
			path = Segue;
			sourceTree = "<group>";
		};
		1BB50E7D2A0D1EDE00E0F89A /* CombineScreen */ = {
			isa = PBXGroup;
			children = (
				1BE2D36C2A0E1CE500E76B0F /* CombineScreenViewController.swift */,
				1BE2D3702A0E1D4B00E76B0F /* ComponentsModel.swift */,
				1BE2D3722A0E31EE00E76B0F /* ComponentsTableViewCell.swift */,
				1B3081192A123745005F5CED /* TabBarLoginViewController.swift */,
				1B3081172A122C7D005F5CED /* LoginViewController.swift */,
				1B30811B2A123D8D005F5CED /* LogoutViewController.swift */,
				1BE8CEC82A1394BC00649817 /* LoginUpdates.swift */,
			);
			path = CombineScreen;
			sourceTree = "<group>";
		};
		1BC217DB2A6509A300990299 /* CustomControls */ = {
			isa = PBXGroup;
			children = (
				1BC217DE2A6509E300990299 /* View */,
				1BC217DF2A650C6200990299 /* CustomRangeSlider.swift */,
				1BC217E72A65222000990299 /* CustomTextfield.swift */,
				1BC217EE2A654E6800990299 /* CustomButton.swift */,
			);
			path = CustomControls;
			sourceTree = "<group>";
		};
		1BC217DE2A6509E300990299 /* View */ = {
			isa = PBXGroup;
			children = (
				1BC217DC2A6509D500990299 /* CustomControls.storyboard */,
				1BC217E12A6511AF00990299 /* CustomControlsViewController.swift */,
			);
			path = View;
			sourceTree = "<group>";
		};
		1BC217E92A6542F300990299 /* Extensions */ = {
			isa = PBXGroup;
			children = (
				1BC217EA2A65431D00990299 /* Extensions.swift */,
			);
			path = Extensions;
			sourceTree = "<group>";
		};
		1BCD56DA2A53D3250024219C /* View */ = {
			isa = PBXGroup;
			children = (
				1B9D6E4E2A4E8FDC0094227A /* WebServices.storyboard */,
			);
			path = View;
			sourceTree = "<group>";
		};
		1BCD56DC2A53D3500024219C /* Controller */ = {
			isa = PBXGroup;
			children = (
				1B9D6E502A4E93EA0094227A /* UsersViewController.swift */,
				1B66D70C2A50082000E14EA0 /* ImageUploadingViewController.swift */,
				1B66D7122A50381000E14EA0 /* AddUserViewController.swift */,
				1B34E2D82A52A3BA0029353F /* LoginUserViewController.swift */,
			);
			path = Controller;
			sourceTree = "<group>";
		};
		1BCD56DE2A53FA570024219C /* URLSession */ = {
			isa = PBXGroup;
			children = (
				1B9D6E522A4E9E040094227A /* cells */,
				1B34E2DE2A52DD610029353F /* APIManager */,
				1BCD56DC2A53D3500024219C /* Controller */,
				1B9D6E552A4E9E620094227A /* Model */,
				1BCD56DA2A53D3250024219C /* View */,
			);
			path = URLSession;
			sourceTree = "<group>";
		};
		1BCD56DF2A53FB620024219C /* Alamofire */ = {
			isa = PBXGroup;
			children = (
				1B30BCB22A54160800D084F3 /* Model */,
				1BCD56E32A54035C0024219C /* View */,
				1B30BCD02A54503900D084F3 /* ViewModel */,
				1BCD56E02A53FBF40024219C /* Controller */,
				1B30BCD52A54567000D084F3 /* Dynamics */,
				1B30BCBF2A541B9000D084F3 /* APIManager */,
				1B30BCC02A541D4500D084F3 /* cell */,
			);
			path = Alamofire;
			sourceTree = "<group>";
		};
		1BCD56E02A53FBF40024219C /* Controller */ = {
			isa = PBXGroup;
			children = (
				1B30BCB72A54177500D084F3 /* UserListViewController.swift */,
				1B30BCC52A54212200D084F3 /* UpdateUserViewController.swift */,
				1B30BCC72A54335E00D084F3 /* RegisterUserViewController.swift */,
				1BE95A0B2A559901005C5EA8 /* RegUserViewController.swift */,
				1BE95A0D2A55A916005C5EA8 /* JeweleryViewController.swift */,
				1B7E0F6C2A56CA9C00ABAC3F /* JeweleryUpdateViewController.swift */,
			);
			path = Controller;
			sourceTree = "<group>";
		};
		1BCD56E32A54035C0024219C /* View */ = {
			isa = PBXGroup;
			children = (
				1B30BCA52A5403B100D084F3 /* AlamofireDemo.storyboard */,
			);
			path = View;
			sourceTree = "<group>";
		};
		1BD6D774299CB1C0000B1CE4 = {
			isa = PBXGroup;
			children = (
				1BD6D77F299CB1C0000B1CE4 /* LaunchScreenDemo */,
				1BD6D77E299CB1C0000B1CE4 /* Products */,
				083F97E2584CF864BC5AEE1B /* Pods */,
				81CD45E0DE99429A9B177120 /* Frameworks */,
			);
			sourceTree = "<group>";
		};
		1BD6D77E299CB1C0000B1CE4 /* Products */ = {
			isa = PBXGroup;
			children = (
				1BD6D77D299CB1C0000B1CE4 /* LaunchScreenDemo.app */,
			);
			name = Products;
			sourceTree = "<group>";
		};
		1BD6D77F299CB1C0000B1CE4 /* LaunchScreenDemo */ = {
			isa = PBXGroup;
			children = (
				1BD6D794299CD1D6000B1CE4 /* LaunchScreenDemoRelease.entitlements */,
				1BD6D780299CB1C0000B1CE4 /* AppDelegate.swift */,
				1BD6D782299CB1C0000B1CE4 /* SceneDelegate.swift */,
				1BD6D784299CB1C0000B1CE4 /* ViewController.swift */,
				1B21DE8029E01823000730B1 /* NewViewController.swift */,
				1BE8C0EA29EEA8E300FC3632 /* Demo.pdf */,
				1BD6D789299CB1C1000B1CE4 /* Assets.xcassets */,
				1BD6D78E299CB1C1000B1CE4 /* Info.plist */,
				1BD6D786299CB1C0000B1CE4 /* Main.storyboard */,
				1BD6D78B299CB1C1000B1CE4 /* LaunchScreen.storyboard */,
				1B48D47229E43D7B00E90B02 /* UIComponents.storyboard */,
				1B37605529F0FD5D000D4107 /* UIComponents2.storyboard */,
				1BE172C12A0B4E5300D6EF76 /* NavigationController.storyboard */,
				1BC217DB2A6509A300990299 /* CustomControls */,
				1B9D6E4D2A4E8F9B0094227A /* WebServices */,
				1BE172C02A0B4E3000D6EF76 /* NavigationController */,
				1B8E43FB29E97FD900622504 /* UIComponentsViewControllers */,
				1B4E45FA29E90EDA0043A415 /* CollectionViewCells */,
				1BDDA24229E693FE00D06376 /* TableViewCells */,
				1B8E43F729E97F4100622504 /* Models */,
				1BC217E92A6542F300990299 /* Extensions */,
			);
			path = LaunchScreenDemo;
			sourceTree = "<group>";
		};
		1BDDA24229E693FE00D06376 /* TableViewCells */ = {
			isa = PBXGroup;
			children = (
				1BDDA24729E6AB2600D06376 /* EvenTableViewCell.swift */,
				1BDDA24829E6AB2600D06376 /* EvenTableViewCell.xib */,
				1BDDA24329E6942F00D06376 /* IndexTableViewCell.swift */,
				1BDDA24429E6942F00D06376 /* IndexTableViewCell.xib */,
				1BDDA25A29E6BE4900D06376 /* CompanyTableCellTableViewCell.swift */,
				1BDDA25B29E6BE4900D06376 /* CompanyTableCellTableViewCell.xib */,
				1BDDA26229E6D07000D06376 /* StateTableViewCell.swift */,
				1BDDA26329E6D07000D06376 /* StateTableViewCell.xib */,
				1B4B6E7E29E8094000CCD5FF /* DemoTableViewCell.swift */,
				1B4B6E8029E8159700CCD5FF /* ColorTableViewCell.swift */,
				1B8E43F529E949FD00622504 /* LabelExpandTableViewCell.swift */,
			);
			path = TableViewCells;
			sourceTree = "<group>";
		};
		1BE172C02A0B4E3000D6EF76 /* NavigationController */ = {
			isa = PBXGroup;
			children = (
				1BB50E532A0CA0AD00E0F89A /* Segue */,
				1BB50E522A0CA06100E0F89A /* Programmatically */,
				1BB50E7D2A0D1EDE00E0F89A /* CombineScreen */,
				1B80FA2A2A0E601B00B64701 /* PatientDemo */,
				1B0663CF2A14B78F0091A456 /* NavigationDemo */,
			);
			path = NavigationController;
			sourceTree = "<group>";
		};
		81CD45E0DE99429A9B177120 /* Frameworks */ = {
			isa = PBXGroup;
			children = (
				380FD8902162A0EAF3FFBDC8 /* Pods_LaunchScreenDemo.framework */,
			);
			name = Frameworks;
			sourceTree = "<group>";
		};
/* End PBXGroup section */

/* Begin PBXNativeTarget section */
		1BD6D77C299CB1C0000B1CE4 /* LaunchScreenDemo */ = {
			isa = PBXNativeTarget;
			buildConfigurationList = 1BD6D791299CB1C1000B1CE4 /* Build configuration list for PBXNativeTarget "LaunchScreenDemo" */;
			buildPhases = (
				724D690A210A1B912863FA79 /* [CP] Check Pods Manifest.lock */,
				1BD6D779299CB1C0000B1CE4 /* Sources */,
				1BD6D77A299CB1C0000B1CE4 /* Frameworks */,
				1BD6D77B299CB1C0000B1CE4 /* Resources */,
				D18702DB5028D5F5F29DCD37 /* [CP] Embed Pods Frameworks */,
			);
			buildRules = (
			);
			dependencies = (
			);
			name = LaunchScreenDemo;
			packageProductDependencies = (
			);
			productName = LaunchScreenDemo;
			productReference = 1BD6D77D299CB1C0000B1CE4 /* LaunchScreenDemo.app */;
			productType = "com.apple.product-type.application";
		};
/* End PBXNativeTarget section */

/* Begin PBXProject section */
		1BD6D775299CB1C0000B1CE4 /* Project object */ = {
			isa = PBXProject;
			attributes = {
				BuildIndependentTargetsInParallel = 1;
				LastSwiftUpdateCheck = 1420;
				LastUpgradeCheck = 1420;
				TargetAttributes = {
					1BD6D77C299CB1C0000B1CE4 = {
						CreatedOnToolsVersion = 14.2;
					};
				};
			};
			buildConfigurationList = 1BD6D778299CB1C0000B1CE4 /* Build configuration list for PBXProject "LaunchScreenDemo" */;
			compatibilityVersion = "Xcode 14.0";
			developmentRegion = en;
			hasScannedForEncodings = 0;
			knownRegions = (
				en,
				Base,
			);
			mainGroup = 1BD6D774299CB1C0000B1CE4;
			packageReferences = (
			);
			productRefGroup = 1BD6D77E299CB1C0000B1CE4 /* Products */;
			projectDirPath = "";
			projectRoot = "";
			targets = (
				1BD6D77C299CB1C0000B1CE4 /* LaunchScreenDemo */,
			);
		};
/* End PBXProject section */

/* Begin PBXResourcesBuildPhase section */
		1BD6D77B299CB1C0000B1CE4 /* Resources */ = {
			isa = PBXResourcesBuildPhase;
			buildActionMask = 2147483647;
			files = (
				1BDDA24629E6942F00D06376 /* IndexTableViewCell.xib in Resources */,
				1B37605629F0FD5D000D4107 /* UIComponents2.storyboard in Resources */,
				1B30BCA62A5403B100D084F3 /* AlamofireDemo.storyboard in Resources */,
				1BC217DD2A6509D500990299 /* CustomControls.storyboard in Resources */,
				1BD6D78D299CB1C1000B1CE4 /* LaunchScreen.storyboard in Resources */,
				1BD6D78A299CB1C1000B1CE4 /* Assets.xcassets in Resources */,
				1BDDA26529E6D07000D06376 /* StateTableViewCell.xib in Resources */,
				1B48D47329E43D7B00E90B02 /* UIComponents.storyboard in Resources */,
				1BD6D788299CB1C0000B1CE4 /* Main.storyboard in Resources */,
				1B9D6E4F2A4E8FDC0094227A /* WebServices.storyboard in Resources */,
				1BE8C0EB29EEA8E300FC3632 /* Demo.pdf in Resources */,
				1BDDA24A29E6AB2600D06376 /* EvenTableViewCell.xib in Resources */,
				1BDDA25D29E6BE4900D06376 /* CompanyTableCellTableViewCell.xib in Resources */,
				1BE172C22A0B4E5300D6EF76 /* NavigationController.storyboard in Resources */,
			);
			runOnlyForDeploymentPostprocessing = 0;
		};
/* End PBXResourcesBuildPhase section */

/* Begin PBXShellScriptBuildPhase section */
		724D690A210A1B912863FA79 /* [CP] Check Pods Manifest.lock */ = {
			isa = PBXShellScriptBuildPhase;
			buildActionMask = 2147483647;
			files = (
			);
			inputFileListPaths = (
			);
			inputPaths = (
				"${PODS_PODFILE_DIR_PATH}/Podfile.lock",
				"${PODS_ROOT}/Manifest.lock",
			);
			name = "[CP] Check Pods Manifest.lock";
			outputFileListPaths = (
			);
			outputPaths = (
				"$(DERIVED_FILE_DIR)/Pods-LaunchScreenDemo-checkManifestLockResult.txt",
			);
			runOnlyForDeploymentPostprocessing = 0;
			shellPath = /bin/sh;
			shellScript = "diff \"${PODS_PODFILE_DIR_PATH}/Podfile.lock\" \"${PODS_ROOT}/Manifest.lock\" > /dev/null\nif [ $? != 0 ] ; then\n    # print error to STDERR\n    echo \"error: The sandbox is not in sync with the Podfile.lock. Run 'pod install' or update your CocoaPods installation.\" >&2\n    exit 1\nfi\n# This output is used by Xcode 'outputs' to avoid re-running this script phase.\necho \"SUCCESS\" > \"${SCRIPT_OUTPUT_FILE_0}\"\n";
			showEnvVarsInLog = 0;
		};
		D18702DB5028D5F5F29DCD37 /* [CP] Embed Pods Frameworks */ = {
			isa = PBXShellScriptBuildPhase;
			buildActionMask = 2147483647;
			files = (
			);
			inputFileListPaths = (
				"${PODS_ROOT}/Target Support Files/Pods-LaunchScreenDemo/Pods-LaunchScreenDemo-frameworks-${CONFIGURATION}-input-files.xcfilelist",
			);
			name = "[CP] Embed Pods Frameworks";
			outputFileListPaths = (
				"${PODS_ROOT}/Target Support Files/Pods-LaunchScreenDemo/Pods-LaunchScreenDemo-frameworks-${CONFIGURATION}-output-files.xcfilelist",
			);
			runOnlyForDeploymentPostprocessing = 0;
			shellPath = /bin/sh;
			shellScript = "\"${PODS_ROOT}/Target Support Files/Pods-LaunchScreenDemo/Pods-LaunchScreenDemo-frameworks.sh\"\n";
			showEnvVarsInLog = 0;
		};
/* End PBXShellScriptBuildPhase section */

/* Begin PBXSourcesBuildPhase section */
		1BD6D779299CB1C0000B1CE4 /* Sources */ = {
			isa = PBXSourcesBuildPhase;
			buildActionMask = 2147483647;
			files = (
				1B3081182A122C7D005F5CED /* LoginViewController.swift in Sources */,
				1BB50E7A2A0CD80B00E0F89A /* ForthVC.swift in Sources */,
				1BB50E742A0CC17100E0F89A /* ThirdVC.swift in Sources */,
				1BE0995E2A0B64AE00211801 /* SecondViewController.swift in Sources */,
				1B65E53829E410DE0090E749 /* TextFieldViewController.swift in Sources */,
				1B65E53629E40DB30090E749 /* CustomTextField.swift in Sources */,
				1BDFA23029ED11B900340837 /* DemoCollectionViewController.swift in Sources */,
				1BE4BDEC29F2609000F946B5 /* PickerDemoViewController.swift in Sources */,
				1BDDA25C29E6BE4900D06376 /* CompanyTableCellTableViewCell.swift in Sources */,
				1BE0995C2A0B647C00211801 /* FirstViewController.swift in Sources */,
				1BD6D785299CB1C0000B1CE4 /* ViewController.swift in Sources */,
				1B5944F42A552750002D5EAE /* UpdateUserViewModel.swift in Sources */,
				1B9EC8E529F92DB300168A69 /* ImageCollectionViewCell.swift in Sources */,
				1BDDA24929E6AB2600D06376 /* EvenTableViewCell.swift in Sources */,
				1BE2D36B2A0E1B4900E76B0F /* FifthViewController.swift in Sources */,
				1B4B6E7529E7D59200CCD5FF /* StateData.swift in Sources */,
				1B34E2D92A52A3BA0029353F /* LoginUserViewController.swift in Sources */,
				1B30BCC62A54212200D084F3 /* UpdateUserViewController.swift in Sources */,
				1BDDA25F29E6C12400D06376 /* JobViewController.swift in Sources */,
				1BDDA23B29E6618800D06376 /* CustomSegmentControl.swift in Sources */,
				1BE95A102A55A995005C5EA8 /* JeweleryViewModel.swift in Sources */,
				1B80FA292A0E5C7D00B64701 /* PatientViewController.swift in Sources */,
				1BEC8E5A2A13B79700EF9BB3 /* ThirdDemoViewController.swift in Sources */,
				1B30811C2A123D8D005F5CED /* LogoutViewController.swift in Sources */,
				1BC51A1E29E55CD400AC4827 /* PageControlViewController.swift in Sources */,
				1B30BCC42A5420BD00D084F3 /* SignUpRequest.swift in Sources */,
				1B37605D29F1102C000D4107 /* ContactsViewController.swift in Sources */,
				1B37825329F293CB00E01236 /* DatePickerDemoViewController.swift in Sources */,
				1BEC062B2A00C9F6009F69EE /* DemoScreenViewController.swift in Sources */,
				1B7E0F6D2A56CA9C00ABAC3F /* JeweleryUpdateViewController.swift in Sources */,
				1B4B6E8129E8159700CCD5FF /* ColorTableViewCell.swift in Sources */,
				1BC51A1A29E52B4600AC4827 /* SliderViewController.swift in Sources */,
				1BDDA26129E6CE4800D06376 /* StateTableViewController.swift in Sources */,
				1BE2D3712A0E1D4B00E76B0F /* ComponentsModel.swift in Sources */,
				1BC217E02A650C6200990299 /* CustomRangeSlider.swift in Sources */,
				1B3EAC322A0BAC08003E6E72 /* PSecondViewController.swift in Sources */,
				1B30BCD42A5455F700D084F3 /* RegisterViewModel.swift in Sources */,
				1BE8CEBA2A13828800649817 /* PatientNavigationViewController.swift in Sources */,
				1B80FA2C2A0E605A00B64701 /* PatientTableViewCell.swift in Sources */,
				1BDCAE082A0BC5E500E10281 /* PThirdViewController.swift in Sources */,
				1B37605929F109F0000D4107 /* TabBarDemoViewController.swift in Sources */,
				1BC095BF29F7A6250042ED7A /* SegueFirstViewController.swift in Sources */,
				1BDDA24529E6942F00D06376 /* IndexTableViewCell.swift in Sources */,
				1B0663CE2A1499C60091A456 /* NavigationSViewController.swift in Sources */,
				1BC217E22A6511AF00990299 /* CustomControlsViewController.swift in Sources */,
				1BC51A1C29E5441300AC4827 /* ProgressViewController.swift in Sources */,
				1B65E52829E3EAED0090E749 /* LabelViewController.swift in Sources */,
				1BE8C0E129EE7A3300FC3632 /* ImagePickerDataCollectionViewCell.swift in Sources */,
				1BB50E7C2A0D01D600E0F89A /* FifthVC.swift in Sources */,
				1B4B6E7F29E8094000CCD5FF /* DemoTableViewCell.swift in Sources */,
				1BE8CEC92A1394BC00649817 /* LoginUpdates.swift in Sources */,
				1B37605F29F11050000D4107 /* MoreViewController.swift in Sources */,
				1B34E2D52A52A1590029353F /* UserModel.swift in Sources */,
				1BD6D781299CB1C0000B1CE4 /* AppDelegate.swift in Sources */,
				1B30BCDB2A54579300D084F3 /* CustomError.swift in Sources */,
				1BC0FF4C2A55671A00083F1F /* ProductRequestModel.swift in Sources */,
				1BE4BDEA29F2563F00F946B5 /* ToolBarPropertyDemoViewController.swift in Sources */,
				1BE95A0C2A559901005C5EA8 /* RegUserViewController.swift in Sources */,
				1BB50E652A0CAD2B00E0F89A /* CustomSegue.swift in Sources */,
				1B30BCD72A54567F00D084F3 /* Dynamic.swift in Sources */,
				1B34E2DD2A52A92D0029353F /* ImageUploader.swift in Sources */,
				1BDFA23229ED12BB00340837 /* ArtistsCollectionViewCell.swift in Sources */,
				1BAFEFD029F9199700BCEA23 /* SeriesSearchCollectionViewCell.swift in Sources */,
				1B30BCC22A541D6000D084F3 /* UsersTableViewCell.swift in Sources */,
				1B3EAC302A0BAAFA003E6E72 /* PFirstViewController.swift in Sources */,
				1B66D7062A4FFE5700E14EA0 /* APIManager.swift in Sources */,
				1BB50E702A0CC11900E0F89A /* FirstVC.swift in Sources */,
				1B07B2C92A545AAA00D2CC33 /* RequestItemsType.swift in Sources */,
				1B66D70B2A50038A00E14EA0 /* ImageUploadResponse.swift in Sources */,
				1BB50E722A0CC14600E0F89A /* SecondVC.swift in Sources */,
				1BC9E7DA29EFBBD700C8B154 /* SearchBarCollectionViewCell.swift in Sources */,
				1BDFA23629ED404B00340837 /* AlbumsCollectionViewCell.swift in Sources */,
				1BE8C0E529EEA05C00FC3632 /* WebDemoViewController.swift in Sources */,
				1B790B0429F15A3F00E9A247 /* ToolBarDemoViewController.swift in Sources */,
				1BC217EF2A654E6800990299 /* CustomButton.swift in Sources */,
				1B37606129F1191C000D4107 /* StackViewDemoViewController.swift in Sources */,
				1B30BCC82A54335E00D084F3 /* RegisterUserViewController.swift in Sources */,
				1B8E43F629E949FD00622504 /* LabelExpandTableViewCell.swift in Sources */,
				1B66D7172A503A7900E14EA0 /* UserRegister.swift in Sources */,
				1B30BCD92A54574900D084F3 /* APIManagerDemo.swift in Sources */,
				1BE099602A0B694900211801 /* ThirdViewController.swift in Sources */,
				1BE2D36D2A0E1CE500E76B0F /* CombineScreenViewController.swift in Sources */,
				1BE95A122A55AB87005C5EA8 /* JeweleryTableViewCell.swift in Sources */,
				1BC51A2229E5796B00AC4827 /* StepperViewController.swift in Sources */,
				1BCD825529EFAF10007D9A4C /* SearchBarDemoViewController.swift in Sources */,
				1B9D6E512A4E93EA0094227A /* UsersViewController.swift in Sources */,
				1B65E53A29E4165A0090E749 /* TextViewController.swift in Sources */,
				1BF950072A02385900593C54 /* HomeCollectionViewCell.swift in Sources */,
				1BE2D3672A0E05B500E76B0F /* PForthViewController.swift in Sources */,
				1B53048B2A554B16008DD99D /* JobRequestModel.swift in Sources */,
				1B4E45FC29E90EF90043A415 /* DemoCollectionViewCell.swift in Sources */,
				1B30BCB82A54177500D084F3 /* UserListViewController.swift in Sources */,
				1BDFA23A29ED603B00340837 /* ImagePickerViewController.swift in Sources */,
				1BE8C0DF29EE769E00FC3632 /* PHPickerDemoViewController.swift in Sources */,
				1B65E53E29E420B30090E749 /* SwitchViewController.swift in Sources */,
				1B65E53C29E41CFF0090E749 /* CustomTextView.swift in Sources */,
				1BC217EB2A65431D00990299 /* Extensions.swift in Sources */,
				1BDFA23429ED1B8F00340837 /* ArtistsModel.swift in Sources */,
				1BC217E82A65222000990299 /* CustomTextfield.swift in Sources */,
				1B30811A2A123745005F5CED /* TabBarLoginViewController.swift in Sources */,
				1BAFEFCE29F8D8E900BCEA23 /* ScrollViewController.swift in Sources */,
				1BD6D783299CB1C0000B1CE4 /* SceneDelegate.swift in Sources */,
				1BDDA23D29E68FEC00D06376 /* TableContentViewController.swift in Sources */,
				1B30BCBA2A54185500D084F3 /* UsersModel.swift in Sources */,
				1BC51A2029E5701400AC4827 /* SegmentedViewController.swift in Sources */,
				1B9D6E542A4E9E2C0094227A /* UserTableViewCell.swift in Sources */,
				1BE8C0E329EE915300FC3632 /* ActivityIndicatorDemoViewController.swift in Sources */,
				1BE95A0E2A55A916005C5EA8 /* JeweleryViewController.swift in Sources */,
				1B4E45F929E90DD30043A415 /* CollectionViewController.swift in Sources */,
				1B65E52A29E3EB9A0090E749 /* ButtonViewController.swift in Sources */,
				1B9EC8E929F92E1B00168A69 /* ImageCollectionViewController.swift in Sources */,
				1B9EC8E329F9245000168A69 /* AlbumDemoCollectionViewCell.swift in Sources */,
				1BE2D3732A0E31EE00E76B0F /* ComponentsTableViewCell.swift in Sources */,
				1BDDA26429E6D07000D06376 /* StateTableViewCell.swift in Sources */,
				1BF4D7B229F63BB500770E98 /* MapViewController.swift in Sources */,
				1BC095C129F7A7EB0042ED7A /* SegueSecondViewController.swift in Sources */,
				1B020AE22A57CE02008811D9 /* JeweleryUpdateModel.swift in Sources */,
				1B8E43FF29E9815B00622504 /* DemoData.swift in Sources */,
				1B9EC8EB29F92EC900168A69 /* ImagesModel.swift in Sources */,
				1B66D70D2A50082000E14EA0 /* ImageUploadingViewController.swift in Sources */,
				1BDDA25929E6BC8C00D06376 /* FindJobModel.swift in Sources */,
				1B0663C82A1491070091A456 /* FirstDemoViewController.swift in Sources */,
				1BC095C329F7C8F40042ED7A /* ButtonPropertiesViewController.swift in Sources */,
				1B66D7132A50381000E14EA0 /* AddUserViewController.swift in Sources */,
				1B21DE8129E01823000730B1 /* NewViewController.swift in Sources */,
				1B4B6E7929E8018C00CCD5FF /* DemoTableViewController.swift in Sources */,
			);
			runOnlyForDeploymentPostprocessing = 0;
		};
/* End PBXSourcesBuildPhase section */

/* Begin PBXVariantGroup section */
		1BD6D786299CB1C0000B1CE4 /* Main.storyboard */ = {
			isa = PBXVariantGroup;
			children = (
				1BD6D787299CB1C0000B1CE4 /* Base */,
			);
			name = Main.storyboard;
			sourceTree = "<group>";
		};
		1BD6D78B299CB1C1000B1CE4 /* LaunchScreen.storyboard */ = {
			isa = PBXVariantGroup;
			children = (
				1BD6D78C299CB1C1000B1CE4 /* Base */,
			);
			name = LaunchScreen.storyboard;
			sourceTree = "<group>";
			usesTabs = 0;
		};
/* End PBXVariantGroup section */

/* Begin XCBuildConfiguration section */
		1BD6D78F299CB1C1000B1CE4 /* Debug */ = {
			isa = XCBuildConfiguration;
			buildSettings = {
				ALWAYS_SEARCH_USER_PATHS = NO;
				CLANG_ANALYZER_NONNULL = YES;
				CLANG_ANALYZER_NUMBER_OBJECT_CONVERSION = YES_AGGRESSIVE;
				CLANG_CXX_LANGUAGE_STANDARD = "gnu++20";
				CLANG_ENABLE_MODULES = YES;
				CLANG_ENABLE_OBJC_ARC = YES;
				CLANG_ENABLE_OBJC_WEAK = YES;
				CLANG_WARN_BLOCK_CAPTURE_AUTORELEASING = YES;
				CLANG_WARN_BOOL_CONVERSION = YES;
				CLANG_WARN_COMMA = YES;
				CLANG_WARN_CONSTANT_CONVERSION = YES;
				CLANG_WARN_DEPRECATED_OBJC_IMPLEMENTATIONS = YES;
				CLANG_WARN_DIRECT_OBJC_ISA_USAGE = YES_ERROR;
				CLANG_WARN_DOCUMENTATION_COMMENTS = YES;
				CLANG_WARN_EMPTY_BODY = YES;
				CLANG_WARN_ENUM_CONVERSION = YES;
				CLANG_WARN_INFINITE_RECURSION = YES;
				CLANG_WARN_INT_CONVERSION = YES;
				CLANG_WARN_NON_LITERAL_NULL_CONVERSION = YES;
				CLANG_WARN_OBJC_IMPLICIT_RETAIN_SELF = YES;
				CLANG_WARN_OBJC_LITERAL_CONVERSION = YES;
				CLANG_WARN_OBJC_ROOT_CLASS = YES_ERROR;
				CLANG_WARN_QUOTED_INCLUDE_IN_FRAMEWORK_HEADER = YES;
				CLANG_WARN_RANGE_LOOP_ANALYSIS = YES;
				CLANG_WARN_STRICT_PROTOTYPES = YES;
				CLANG_WARN_SUSPICIOUS_MOVE = YES;
				CLANG_WARN_UNGUARDED_AVAILABILITY = YES_AGGRESSIVE;
				CLANG_WARN_UNREACHABLE_CODE = YES;
				CLANG_WARN__DUPLICATE_METHOD_MATCH = YES;
				COPY_PHASE_STRIP = NO;
				DEBUG_INFORMATION_FORMAT = dwarf;
				ENABLE_STRICT_OBJC_MSGSEND = YES;
				ENABLE_TESTABILITY = YES;
				GCC_C_LANGUAGE_STANDARD = gnu11;
				GCC_DYNAMIC_NO_PIC = NO;
				GCC_NO_COMMON_BLOCKS = YES;
				GCC_OPTIMIZATION_LEVEL = 0;
				GCC_PREPROCESSOR_DEFINITIONS = (
					"DEBUG=1",
					"$(inherited)",
				);
				GCC_WARN_64_TO_32_BIT_CONVERSION = YES;
				GCC_WARN_ABOUT_RETURN_TYPE = YES_ERROR;
				GCC_WARN_UNDECLARED_SELECTOR = YES;
				GCC_WARN_UNINITIALIZED_AUTOS = YES_AGGRESSIVE;
				GCC_WARN_UNUSED_FUNCTION = YES;
				GCC_WARN_UNUSED_VARIABLE = YES;
				IPHONEOS_DEPLOYMENT_TARGET = 16.2;
				MTL_ENABLE_DEBUG_INFO = INCLUDE_SOURCE;
				MTL_FAST_MATH = YES;
				ONLY_ACTIVE_ARCH = YES;
				SDKROOT = iphoneos;
				SWIFT_ACTIVE_COMPILATION_CONDITIONS = DEBUG;
				SWIFT_OPTIMIZATION_LEVEL = "-Onone";
			};
			name = Debug;
		};
		1BD6D790299CB1C1000B1CE4 /* Release */ = {
			isa = XCBuildConfiguration;
			buildSettings = {
				ALWAYS_SEARCH_USER_PATHS = NO;
				CLANG_ANALYZER_NONNULL = YES;
				CLANG_ANALYZER_NUMBER_OBJECT_CONVERSION = YES_AGGRESSIVE;
				CLANG_CXX_LANGUAGE_STANDARD = "gnu++20";
				CLANG_ENABLE_MODULES = YES;
				CLANG_ENABLE_OBJC_ARC = YES;
				CLANG_ENABLE_OBJC_WEAK = YES;
				CLANG_WARN_BLOCK_CAPTURE_AUTORELEASING = YES;
				CLANG_WARN_BOOL_CONVERSION = YES;
				CLANG_WARN_COMMA = YES;
				CLANG_WARN_CONSTANT_CONVERSION = YES;
				CLANG_WARN_DEPRECATED_OBJC_IMPLEMENTATIONS = YES;
				CLANG_WARN_DIRECT_OBJC_ISA_USAGE = YES_ERROR;
				CLANG_WARN_DOCUMENTATION_COMMENTS = YES;
				CLANG_WARN_EMPTY_BODY = YES;
				CLANG_WARN_ENUM_CONVERSION = YES;
				CLANG_WARN_INFINITE_RECURSION = YES;
				CLANG_WARN_INT_CONVERSION = YES;
				CLANG_WARN_NON_LITERAL_NULL_CONVERSION = YES;
				CLANG_WARN_OBJC_IMPLICIT_RETAIN_SELF = YES;
				CLANG_WARN_OBJC_LITERAL_CONVERSION = YES;
				CLANG_WARN_OBJC_ROOT_CLASS = YES_ERROR;
				CLANG_WARN_QUOTED_INCLUDE_IN_FRAMEWORK_HEADER = YES;
				CLANG_WARN_RANGE_LOOP_ANALYSIS = YES;
				CLANG_WARN_STRICT_PROTOTYPES = YES;
				CLANG_WARN_SUSPICIOUS_MOVE = YES;
				CLANG_WARN_UNGUARDED_AVAILABILITY = YES_AGGRESSIVE;
				CLANG_WARN_UNREACHABLE_CODE = YES;
				CLANG_WARN__DUPLICATE_METHOD_MATCH = YES;
				COPY_PHASE_STRIP = NO;
				DEBUG_INFORMATION_FORMAT = "dwarf-with-dsym";
				ENABLE_NS_ASSERTIONS = NO;
				ENABLE_STRICT_OBJC_MSGSEND = YES;
				GCC_C_LANGUAGE_STANDARD = gnu11;
				GCC_NO_COMMON_BLOCKS = YES;
				GCC_WARN_64_TO_32_BIT_CONVERSION = YES;
				GCC_WARN_ABOUT_RETURN_TYPE = YES_ERROR;
				GCC_WARN_UNDECLARED_SELECTOR = YES;
				GCC_WARN_UNINITIALIZED_AUTOS = YES_AGGRESSIVE;
				GCC_WARN_UNUSED_FUNCTION = YES;
				GCC_WARN_UNUSED_VARIABLE = YES;
				IPHONEOS_DEPLOYMENT_TARGET = 16.2;
				MTL_ENABLE_DEBUG_INFO = NO;
				MTL_FAST_MATH = YES;
				SDKROOT = iphoneos;
				SWIFT_COMPILATION_MODE = wholemodule;
				SWIFT_OPTIMIZATION_LEVEL = "-O";
				VALIDATE_PRODUCT = YES;
			};
			name = Release;
		};
		1BD6D792299CB1C1000B1CE4 /* Debug */ = {
			isa = XCBuildConfiguration;
			baseConfigurationReference = 0F1651B82A7E2D63AFEF91A7 /* Pods-LaunchScreenDemo.debug.xcconfig */;
			buildSettings = {
				ASSETCATALOG_COMPILER_APPICON_NAME = AppIcon;
				ASSETCATALOG_COMPILER_GLOBAL_ACCENT_COLOR_NAME = AccentColor;
				CODE_SIGN_STYLE = Automatic;
				CURRENT_PROJECT_VERSION = 1;
				GENERATE_INFOPLIST_FILE = YES;
				INFOPLIST_FILE = LaunchScreenDemo/Info.plist;
				INFOPLIST_KEY_CFBundleDisplayName = " ";
				INFOPLIST_KEY_LSApplicationCategoryType = "";
				INFOPLIST_KEY_NSLocationAlwaysAndWhenInUseUsageDescription = "location always and when in use";
				INFOPLIST_KEY_NSLocationWhenInUseUsageDescription = "location when in use";
				INFOPLIST_KEY_UIApplicationSupportsIndirectInputEvents = YES;
				INFOPLIST_KEY_UILaunchStoryboardName = LaunchScreen;
				INFOPLIST_KEY_UIMainStoryboardFile = Main;
				INFOPLIST_KEY_UIStatusBarStyle = "";
				INFOPLIST_KEY_UISupportedInterfaceOrientations_iPad = "UIInterfaceOrientationPortrait UIInterfaceOrientationPortraitUpsideDown UIInterfaceOrientationLandscapeLeft UIInterfaceOrientationLandscapeRight";
				INFOPLIST_KEY_UISupportedInterfaceOrientations_iPhone = "UIInterfaceOrientationPortrait UIInterfaceOrientationLandscapeLeft UIInterfaceOrientationLandscapeRight";
				LD_RUNPATH_SEARCH_PATHS = (
					"$(inherited)",
					"@executable_path/Frameworks",
				);
				MARKETING_VERSION = 1.0;
				PRODUCT_BUNDLE_IDENTIFIER = com.simform.LaunchScreenDemo;
				PRODUCT_NAME = "$(TARGET_NAME)";
				SWIFT_EMIT_LOC_STRINGS = YES;
				SWIFT_VERSION = 5.0;
				TARGETED_DEVICE_FAMILY = "1,2";
			};
			name = Debug;
		};
		1BD6D793299CB1C1000B1CE4 /* Release */ = {
			isa = XCBuildConfiguration;
			baseConfigurationReference = 09035C4D6956034F7F13B500 /* Pods-LaunchScreenDemo.release.xcconfig */;
			buildSettings = {
				ASSETCATALOG_COMPILER_APPICON_NAME = AppIcon;
				ASSETCATALOG_COMPILER_GLOBAL_ACCENT_COLOR_NAME = AccentColor;
				CODE_SIGN_ENTITLEMENTS = LaunchScreenDemo/LaunchScreenDemoRelease.entitlements;
				CODE_SIGN_STYLE = Automatic;
				CURRENT_PROJECT_VERSION = 1;
				GENERATE_INFOPLIST_FILE = YES;
				INFOPLIST_FILE = LaunchScreenDemo/Info.plist;
				INFOPLIST_KEY_CFBundleDisplayName = " ";
				INFOPLIST_KEY_LSApplicationCategoryType = "";
				INFOPLIST_KEY_NSLocationAlwaysAndWhenInUseUsageDescription = "location always and when in use";
				INFOPLIST_KEY_NSLocationWhenInUseUsageDescription = "location when in use";
				INFOPLIST_KEY_UIApplicationSupportsIndirectInputEvents = YES;
				INFOPLIST_KEY_UILaunchStoryboardName = LaunchScreen;
				INFOPLIST_KEY_UIMainStoryboardFile = Main;
				INFOPLIST_KEY_UIStatusBarStyle = "";
				INFOPLIST_KEY_UISupportedInterfaceOrientations_iPad = "UIInterfaceOrientationPortrait UIInterfaceOrientationPortraitUpsideDown UIInterfaceOrientationLandscapeLeft UIInterfaceOrientationLandscapeRight";
				INFOPLIST_KEY_UISupportedInterfaceOrientations_iPhone = "UIInterfaceOrientationPortrait UIInterfaceOrientationLandscapeLeft UIInterfaceOrientationLandscapeRight";
				LD_RUNPATH_SEARCH_PATHS = (
					"$(inherited)",
					"@executable_path/Frameworks",
				);
				MARKETING_VERSION = 1.0;
				PRODUCT_BUNDLE_IDENTIFIER = com.simform.LaunchScreenDemo;
				PRODUCT_NAME = "$(TARGET_NAME)";
				SWIFT_EMIT_LOC_STRINGS = YES;
				SWIFT_VERSION = 5.0;
				TARGETED_DEVICE_FAMILY = "1,2";
			};
			name = Release;
		};
/* End XCBuildConfiguration section */

/* Begin XCConfigurationList section */
		1BD6D778299CB1C0000B1CE4 /* Build configuration list for PBXProject "LaunchScreenDemo" */ = {
			isa = XCConfigurationList;
			buildConfigurations = (
				1BD6D78F299CB1C1000B1CE4 /* Debug */,
				1BD6D790299CB1C1000B1CE4 /* Release */,
			);
			defaultConfigurationIsVisible = 0;
			defaultConfigurationName = Release;
		};
		1BD6D791299CB1C1000B1CE4 /* Build configuration list for PBXNativeTarget "LaunchScreenDemo" */ = {
			isa = XCConfigurationList;
			buildConfigurations = (
				1BD6D792299CB1C1000B1CE4 /* Debug */,
				1BD6D793299CB1C1000B1CE4 /* Release */,
			);
			defaultConfigurationIsVisible = 0;
			defaultConfigurationName = Release;
		};
/* End XCConfigurationList section */
	};
	rootObject = 1BD6D775299CB1C0000B1CE4 /* Project object */;
}
